// !$*UTF8*$!
{
	archiveVersion = 1;
	classes = {
	};
	objectVersion = 46;
	objects = {

/* Begin PBXBuildFile section */
		3740D6F81D493DAB00AEA791 /* main.m in Sources */ = {isa = PBXBuildFile; fileRef = 3740D6F71D493DAB00AEA791 /* main.m */; };
		3740D6FB1D493DAB00AEA791 /* AppDelegate.m in Sources */ = {isa = PBXBuildFile; fileRef = 3740D6FA1D493DAB00AEA791 /* AppDelegate.m */; };
		3740D6FE1D493DAB00AEA791 /* ViewController.m in Sources */ = {isa = PBXBuildFile; fileRef = 3740D6FD1D493DAB00AEA791 /* ViewController.m */; };
		3740D7011D493DAB00AEA791 /* Main.storyboard in Resources */ = {isa = PBXBuildFile; fileRef = 3740D6FF1D493DAB00AEA791 /* Main.storyboard */; };
		3740D7031D493DAB00AEA791 /* Assets.xcassets in Resources */ = {isa = PBXBuildFile; fileRef = 3740D7021D493DAB00AEA791 /* Assets.xcassets */; };
		3740D7061D493DAB00AEA791 /* LaunchScreen.storyboard in Resources */ = {isa = PBXBuildFile; fileRef = 3740D7041D493DAB00AEA791 /* LaunchScreen.storyboard */; };
		3740D7111D493DAB00AEA791 /* MemoTests.m in Sources */ = {isa = PBXBuildFile; fileRef = 3740D7101D493DAB00AEA791 /* MemoTests.m */; };
		3740D71C1D493DAB00AEA791 /* MemoUITests.m in Sources */ = {isa = PBXBuildFile; fileRef = 3740D71B1D493DAB00AEA791 /* MemoUITests.m */; };
		3740D7301D49403300AEA791 /* LLNode.m in Sources */ = {isa = PBXBuildFile; fileRef = 3740D72F1D49403300AEA791 /* LLNode.m */; };
		3740D7401D49407300AEA791 /* Blockies.m in Sources */ = {isa = PBXBuildFile; fileRef = 3740D7331D49407300AEA791 /* Blockies.m */; };
		3740D7411D49407300AEA791 /* Misc.m in Sources */ = {isa = PBXBuildFile; fileRef = 3740D7361D49407300AEA791 /* Misc.m */; };
		3740D7421D49407300AEA791 /* NSArray+Shuffle.m in Sources */ = {isa = PBXBuildFile; fileRef = 3740D7381D49407300AEA791 /* NSArray+Shuffle.m */; };
		3740D7431D49407300AEA791 /* NSObject+XBAutoreleasepool.m in Sources */ = {isa = PBXBuildFile; fileRef = 3740D73A1D49407300AEA791 /* NSObject+XBAutoreleasepool.m */; };
		3740D7441D49407300AEA791 /* Pair.m in Sources */ = {isa = PBXBuildFile; fileRef = 3740D73C1D49407300AEA791 /* Pair.m */; };
		3740D7451D49407300AEA791 /* Utilities.swift in Sources */ = {isa = PBXBuildFile; fileRef = 3740D73D1D49407300AEA791 /* Utilities.swift */; };
		3740D7461D49407300AEA791 /* XBAutoreleasepool.m in Sources */ = {isa = PBXBuildFile; fileRef = 3740D73F1D49407300AEA791 /* XBAutoreleasepool.m */; };
		3740D74B1D4940B000AEA791 /* BTreeNode.m in Sources */ = {isa = PBXBuildFile; fileRef = 3740D7481D4940B000AEA791 /* BTreeNode.m */; };
		3740D74C1D4940B000AEA791 /* GraphNode.m in Sources */ = {isa = PBXBuildFile; fileRef = 3740D74A1D4940B000AEA791 /* GraphNode.m */; };
		3740D7511D4940E400AEA791 /* Queue.m in Sources */ = {isa = PBXBuildFile; fileRef = 3740D7501D4940E400AEA791 /* Queue.m */; };
		3740D7541D4940F700AEA791 /* Stack.m in Sources */ = {isa = PBXBuildFile; fileRef = 3740D7531D4940F700AEA791 /* Stack.m */; };
/* End PBXBuildFile section */

/* Begin PBXContainerItemProxy section */
		3740D70D1D493DAB00AEA791 /* PBXContainerItemProxy */ = {
			isa = PBXContainerItemProxy;
			containerPortal = 3740D6EB1D493DAB00AEA791 /* Project object */;
			proxyType = 1;
			remoteGlobalIDString = 3740D6F21D493DAB00AEA791;
			remoteInfo = Memo;
		};
		3740D7181D493DAB00AEA791 /* PBXContainerItemProxy */ = {
			isa = PBXContainerItemProxy;
			containerPortal = 3740D6EB1D493DAB00AEA791 /* Project object */;
			proxyType = 1;
			remoteGlobalIDString = 3740D6F21D493DAB00AEA791;
			remoteInfo = Memo;
		};
/* End PBXContainerItemProxy section */

/* Begin PBXFileReference section */
		3740D6F31D493DAB00AEA791 /* Memo.app */ = {isa = PBXFileReference; explicitFileType = wrapper.application; includeInIndex = 0; path = Memo.app; sourceTree = BUILT_PRODUCTS_DIR; };
		3740D6F71D493DAB00AEA791 /* main.m */ = {isa = PBXFileReference; lastKnownFileType = sourcecode.c.objc; path = main.m; sourceTree = "<group>"; };
		3740D6F91D493DAB00AEA791 /* AppDelegate.h */ = {isa = PBXFileReference; lastKnownFileType = sourcecode.c.h; path = AppDelegate.h; sourceTree = "<group>"; };
		3740D6FA1D493DAB00AEA791 /* AppDelegate.m */ = {isa = PBXFileReference; lastKnownFileType = sourcecode.c.objc; path = AppDelegate.m; sourceTree = "<group>"; };
		3740D6FC1D493DAB00AEA791 /* ViewController.h */ = {isa = PBXFileReference; lastKnownFileType = sourcecode.c.h; path = ViewController.h; sourceTree = "<group>"; };
		3740D6FD1D493DAB00AEA791 /* ViewController.m */ = {isa = PBXFileReference; lastKnownFileType = sourcecode.c.objc; path = ViewController.m; sourceTree = "<group>"; };
		3740D7001D493DAB00AEA791 /* Base */ = {isa = PBXFileReference; lastKnownFileType = file.storyboard; name = Base; path = Base.lproj/Main.storyboard; sourceTree = "<group>"; };
		3740D7021D493DAB00AEA791 /* Assets.xcassets */ = {isa = PBXFileReference; lastKnownFileType = folder.assetcatalog; path = Assets.xcassets; sourceTree = "<group>"; };
		3740D7051D493DAB00AEA791 /* Base */ = {isa = PBXFileReference; lastKnownFileType = file.storyboard; name = Base; path = Base.lproj/LaunchScreen.storyboard; sourceTree = "<group>"; };
		3740D7071D493DAB00AEA791 /* Info.plist */ = {isa = PBXFileReference; lastKnownFileType = text.plist.xml; path = Info.plist; sourceTree = "<group>"; };
		3740D70C1D493DAB00AEA791 /* MemoTests.xctest */ = {isa = PBXFileReference; explicitFileType = wrapper.cfbundle; includeInIndex = 0; path = MemoTests.xctest; sourceTree = BUILT_PRODUCTS_DIR; };
		3740D7101D493DAB00AEA791 /* MemoTests.m */ = {isa = PBXFileReference; lastKnownFileType = sourcecode.c.objc; path = MemoTests.m; sourceTree = "<group>"; };
		3740D7121D493DAB00AEA791 /* Info.plist */ = {isa = PBXFileReference; lastKnownFileType = text.plist.xml; path = Info.plist; sourceTree = "<group>"; };
		3740D7171D493DAB00AEA791 /* MemoUITests.xctest */ = {isa = PBXFileReference; explicitFileType = wrapper.cfbundle; includeInIndex = 0; path = MemoUITests.xctest; sourceTree = BUILT_PRODUCTS_DIR; };
		3740D71B1D493DAB00AEA791 /* MemoUITests.m */ = {isa = PBXFileReference; lastKnownFileType = sourcecode.c.objc; path = MemoUITests.m; sourceTree = "<group>"; };
		3740D71D1D493DAB00AEA791 /* Info.plist */ = {isa = PBXFileReference; lastKnownFileType = text.plist.xml; path = Info.plist; sourceTree = "<group>"; };
		3740D72E1D49403300AEA791 /* LLNode.h */ = {isa = PBXFileReference; fileEncoding = 4; lastKnownFileType = sourcecode.c.h; name = LLNode.h; path = Utilities/Node/LLNode.h; sourceTree = "<group>"; };
		3740D72F1D49403300AEA791 /* LLNode.m */ = {isa = PBXFileReference; fileEncoding = 4; lastKnownFileType = sourcecode.c.objc; name = LLNode.m; path = Utilities/Node/LLNode.m; sourceTree = "<group>"; };
		3740D7311D49407200AEA791 /* Memo-Bridging-Header.h */ = {isa = PBXFileReference; lastKnownFileType = sourcecode.c.h; path = "Memo-Bridging-Header.h"; sourceTree = "<group>"; };
		3740D7321D49407300AEA791 /* Blockies.h */ = {isa = PBXFileReference; fileEncoding = 4; lastKnownFileType = sourcecode.c.h; name = Blockies.h; path = MiscFunctions/Blockies.h; sourceTree = "<group>"; };
		3740D7331D49407300AEA791 /* Blockies.m */ = {isa = PBXFileReference; fileEncoding = 4; lastKnownFileType = sourcecode.c.objc; name = Blockies.m; path = MiscFunctions/Blockies.m; sourceTree = "<group>"; };
		3740D7341D49407300AEA791 /* Memo-Bridging-Header.h */ = {isa = PBXFileReference; fileEncoding = 4; lastKnownFileType = sourcecode.c.h; name = "Memo-Bridging-Header.h"; path = "MiscFunctions/Memo-Bridging-Header.h"; sourceTree = "<group>"; };
		3740D7351D49407300AEA791 /* Misc.h */ = {isa = PBXFileReference; fileEncoding = 4; lastKnownFileType = sourcecode.c.h; name = Misc.h; path = MiscFunctions/Misc.h; sourceTree = "<group>"; };
		3740D7361D49407300AEA791 /* Misc.m */ = {isa = PBXFileReference; fileEncoding = 4; lastKnownFileType = sourcecode.c.objc; name = Misc.m; path = MiscFunctions/Misc.m; sourceTree = "<group>"; };
		3740D7371D49407300AEA791 /* NSArray+Shuffle.h */ = {isa = PBXFileReference; fileEncoding = 4; lastKnownFileType = sourcecode.c.h; name = "NSArray+Shuffle.h"; path = "MiscFunctions/NSArray+Shuffle.h"; sourceTree = "<group>"; };
		3740D7381D49407300AEA791 /* NSArray+Shuffle.m */ = {isa = PBXFileReference; fileEncoding = 4; lastKnownFileType = sourcecode.c.objc; name = "NSArray+Shuffle.m"; path = "MiscFunctions/NSArray+Shuffle.m"; sourceTree = "<group>"; };
		3740D7391D49407300AEA791 /* NSObject+XBAutoreleasepool.h */ = {isa = PBXFileReference; fileEncoding = 4; lastKnownFileType = sourcecode.c.h; name = "NSObject+XBAutoreleasepool.h"; path = "MiscFunctions/NSObject+XBAutoreleasepool.h"; sourceTree = "<group>"; };
		3740D73A1D49407300AEA791 /* NSObject+XBAutoreleasepool.m */ = {isa = PBXFileReference; fileEncoding = 4; lastKnownFileType = sourcecode.c.objc; name = "NSObject+XBAutoreleasepool.m"; path = "MiscFunctions/NSObject+XBAutoreleasepool.m"; sourceTree = "<group>"; };
		3740D73B1D49407300AEA791 /* Pair.h */ = {isa = PBXFileReference; fileEncoding = 4; lastKnownFileType = sourcecode.c.h; name = Pair.h; path = MiscFunctions/Pair.h; sourceTree = "<group>"; };
		3740D73C1D49407300AEA791 /* Pair.m */ = {isa = PBXFileReference; fileEncoding = 4; lastKnownFileType = sourcecode.c.objc; name = Pair.m; path = MiscFunctions/Pair.m; sourceTree = "<group>"; };
		3740D73D1D49407300AEA791 /* Utilities.swift */ = {isa = PBXFileReference; fileEncoding = 4; lastKnownFileType = sourcecode.swift; name = Utilities.swift; path = MiscFunctions/Utilities.swift; sourceTree = "<group>"; };
		3740D73E1D49407300AEA791 /* XBAutoreleasepool.h */ = {isa = PBXFileReference; fileEncoding = 4; lastKnownFileType = sourcecode.c.h; name = XBAutoreleasepool.h; path = MiscFunctions/XBAutoreleasepool.h; sourceTree = "<group>"; };
		3740D73F1D49407300AEA791 /* XBAutoreleasepool.m */ = {isa = PBXFileReference; fileEncoding = 4; lastKnownFileType = sourcecode.c.objc; name = XBAutoreleasepool.m; path = MiscFunctions/XBAutoreleasepool.m; sourceTree = "<group>"; };
		3740D7471D4940B000AEA791 /* BTreeNode.h */ = {isa = PBXFileReference; fileEncoding = 4; lastKnownFileType = sourcecode.c.h; name = BTreeNode.h; path = MiscFunctions/Node/BTreeNode.h; sourceTree = "<group>"; };
		3740D7481D4940B000AEA791 /* BTreeNode.m */ = {isa = PBXFileReference; fileEncoding = 4; lastKnownFileType = sourcecode.c.objc; name = BTreeNode.m; path = MiscFunctions/Node/BTreeNode.m; sourceTree = "<group>"; };
		3740D7491D4940B000AEA791 /* GraphNode.h */ = {isa = PBXFileReference; fileEncoding = 4; lastKnownFileType = sourcecode.c.h; name = GraphNode.h; path = MiscFunctions/Node/GraphNode.h; sourceTree = "<group>"; };
		3740D74A1D4940B000AEA791 /* GraphNode.m */ = {isa = PBXFileReference; fileEncoding = 4; lastKnownFileType = sourcecode.c.objc; name = GraphNode.m; path = MiscFunctions/Node/GraphNode.m; sourceTree = "<group>"; };
		3740D74F1D4940E400AEA791 /* Queue.h */ = {isa = PBXFileReference; fileEncoding = 4; lastKnownFileType = sourcecode.c.h; name = Queue.h; path = MiscFunctions/Queue/Queue.h; sourceTree = "<group>"; };
		3740D7501D4940E400AEA791 /* Queue.m */ = {isa = PBXFileReference; fileEncoding = 4; lastKnownFileType = sourcecode.c.objc; name = Queue.m; path = MiscFunctions/Queue/Queue.m; sourceTree = "<group>"; };
		3740D7521D4940F700AEA791 /* Stack.h */ = {isa = PBXFileReference; fileEncoding = 4; lastKnownFileType = sourcecode.c.h; name = Stack.h; path = MiscFunctions/Stack/Stack.h; sourceTree = "<group>"; };
		3740D7531D4940F700AEA791 /* Stack.m */ = {isa = PBXFileReference; fileEncoding = 4; lastKnownFileType = sourcecode.c.objc; name = Stack.m; path = MiscFunctions/Stack/Stack.m; sourceTree = "<group>"; };
/* End PBXFileReference section */

/* Begin PBXFrameworksBuildPhase section */
		3740D6F01D493DAB00AEA791 /* Frameworks */ = {
			isa = PBXFrameworksBuildPhase;
			buildActionMask = 2147483647;
			files = (
			);
			runOnlyForDeploymentPostprocessing = 0;
		};
		3740D7091D493DAB00AEA791 /* Frameworks */ = {
			isa = PBXFrameworksBuildPhase;
			buildActionMask = 2147483647;
			files = (
			);
			runOnlyForDeploymentPostprocessing = 0;
		};
		3740D7141D493DAB00AEA791 /* Frameworks */ = {
			isa = PBXFrameworksBuildPhase;
			buildActionMask = 2147483647;
			files = (
			);
			runOnlyForDeploymentPostprocessing = 0;
		};
/* End PBXFrameworksBuildPhase section */

/* Begin PBXGroup section */
		3740D6EA1D493DAB00AEA791 = {
			isa = PBXGroup;
			children = (
				3740D72D1D49401A00AEA791 /* Utilities */,
				3740D6F51D493DAB00AEA791 /* Memo */,
				3740D70F1D493DAB00AEA791 /* MemoTests */,
				3740D71A1D493DAB00AEA791 /* MemoUITests */,
				3740D6F41D493DAB00AEA791 /* Products */,
			);
			sourceTree = "<group>";
		};
		3740D6F41D493DAB00AEA791 /* Products */ = {
			isa = PBXGroup;
			children = (
				3740D6F31D493DAB00AEA791 /* Memo.app */,
				3740D70C1D493DAB00AEA791 /* MemoTests.xctest */,
				3740D7171D493DAB00AEA791 /* MemoUITests.xctest */,
			);
			name = Products;
			sourceTree = "<group>";
		};
		3740D6F51D493DAB00AEA791 /* Memo */ = {
			isa = PBXGroup;
			children = (
				3740D6F91D493DAB00AEA791 /* AppDelegate.h */,
				3740D6FA1D493DAB00AEA791 /* AppDelegate.m */,
				3740D6FC1D493DAB00AEA791 /* ViewController.h */,
				3740D6FD1D493DAB00AEA791 /* ViewController.m */,
				3740D6FF1D493DAB00AEA791 /* Main.storyboard */,
				3740D7021D493DAB00AEA791 /* Assets.xcassets */,
				3740D7041D493DAB00AEA791 /* LaunchScreen.storyboard */,
				3740D7071D493DAB00AEA791 /* Info.plist */,
				3740D6F61D493DAB00AEA791 /* Supporting Files */,
			);
			path = Memo;
			sourceTree = "<group>";
		};
		3740D6F61D493DAB00AEA791 /* Supporting Files */ = {
			isa = PBXGroup;
			children = (
				3740D6F71D493DAB00AEA791 /* main.m */,
			);
			name = "Supporting Files";
			sourceTree = "<group>";
		};
		3740D70F1D493DAB00AEA791 /* MemoTests */ = {
			isa = PBXGroup;
			children = (
				3740D7101D493DAB00AEA791 /* MemoTests.m */,
				3740D7121D493DAB00AEA791 /* Info.plist */,
			);
			path = MemoTests;
			sourceTree = "<group>";
		};
		3740D71A1D493DAB00AEA791 /* MemoUITests */ = {
			isa = PBXGroup;
			children = (
				3740D71B1D493DAB00AEA791 /* MemoUITests.m */,
				3740D71D1D493DAB00AEA791 /* Info.plist */,
			);
			path = MemoUITests;
			sourceTree = "<group>";
		};
		3740D72D1D49401A00AEA791 /* Utilities */ = {
			isa = PBXGroup;
			children = (
				3740D7521D4940F700AEA791 /* Stack.h */,
				3740D7531D4940F700AEA791 /* Stack.m */,
				3740D74F1D4940E400AEA791 /* Queue.h */,
				3740D7501D4940E400AEA791 /* Queue.m */,
				3740D7471D4940B000AEA791 /* BTreeNode.h */,
				3740D7481D4940B000AEA791 /* BTreeNode.m */,
				3740D7491D4940B000AEA791 /* GraphNode.h */,
				3740D74A1D4940B000AEA791 /* GraphNode.m */,
				3740D7321D49407300AEA791 /* Blockies.h */,
				3740D7331D49407300AEA791 /* Blockies.m */,
				3740D7341D49407300AEA791 /* Memo-Bridging-Header.h */,
				3740D7351D49407300AEA791 /* Misc.h */,
				3740D7361D49407300AEA791 /* Misc.m */,
				3740D7371D49407300AEA791 /* NSArray+Shuffle.h */,
				3740D7381D49407300AEA791 /* NSArray+Shuffle.m */,
				3740D7391D49407300AEA791 /* NSObject+XBAutoreleasepool.h */,
				3740D73A1D49407300AEA791 /* NSObject+XBAutoreleasepool.m */,
				3740D73B1D49407300AEA791 /* Pair.h */,
				3740D73C1D49407300AEA791 /* Pair.m */,
				3740D73D1D49407300AEA791 /* Utilities.swift */,
				3740D73E1D49407300AEA791 /* XBAutoreleasepool.h */,
				3740D73F1D49407300AEA791 /* XBAutoreleasepool.m */,
				3740D72E1D49403300AEA791 /* LLNode.h */,
				3740D72F1D49403300AEA791 /* LLNode.m */,
				3740D7311D49407200AEA791 /* Memo-Bridging-Header.h */,
			);
			name = Utilities;
			sourceTree = "<group>";
		};
/* End PBXGroup section */

/* Begin PBXNativeTarget section */
		3740D6F21D493DAB00AEA791 /* Memo */ = {
			isa = PBXNativeTarget;
			buildConfigurationList = 3740D7201D493DAB00AEA791 /* Build configuration list for PBXNativeTarget "Memo" */;
			buildPhases = (
				3740D6EF1D493DAB00AEA791 /* Sources */,
				3740D6F01D493DAB00AEA791 /* Frameworks */,
				3740D6F11D493DAB00AEA791 /* Resources */,
			);
			buildRules = (
			);
			dependencies = (
			);
			name = Memo;
			productName = Memo;
			productReference = 3740D6F31D493DAB00AEA791 /* Memo.app */;
			productType = "com.apple.product-type.application";
		};
		3740D70B1D493DAB00AEA791 /* MemoTests */ = {
			isa = PBXNativeTarget;
			buildConfigurationList = 3740D7231D493DAB00AEA791 /* Build configuration list for PBXNativeTarget "MemoTests" */;
			buildPhases = (
				3740D7081D493DAB00AEA791 /* Sources */,
				3740D7091D493DAB00AEA791 /* Frameworks */,
				3740D70A1D493DAB00AEA791 /* Resources */,
			);
			buildRules = (
			);
			dependencies = (
				3740D70E1D493DAB00AEA791 /* PBXTargetDependency */,
			);
			name = MemoTests;
			productName = MemoTests;
			productReference = 3740D70C1D493DAB00AEA791 /* MemoTests.xctest */;
			productType = "com.apple.product-type.bundle.unit-test";
		};
		3740D7161D493DAB00AEA791 /* MemoUITests */ = {
			isa = PBXNativeTarget;
			buildConfigurationList = 3740D7261D493DAB00AEA791 /* Build configuration list for PBXNativeTarget "MemoUITests" */;
			buildPhases = (
				3740D7131D493DAB00AEA791 /* Sources */,
				3740D7141D493DAB00AEA791 /* Frameworks */,
				3740D7151D493DAB00AEA791 /* Resources */,
			);
			buildRules = (
			);
			dependencies = (
				3740D7191D493DAB00AEA791 /* PBXTargetDependency */,
			);
			name = MemoUITests;
			productName = MemoUITests;
			productReference = 3740D7171D493DAB00AEA791 /* MemoUITests.xctest */;
			productType = "com.apple.product-type.bundle.ui-testing";
		};
/* End PBXNativeTarget section */

/* Begin PBXProject section */
		3740D6EB1D493DAB00AEA791 /* Project object */ = {
			isa = PBXProject;
			attributes = {
				LastUpgradeCheck = 0730;
				ORGANIZATIONNAME = XintongBi;
				TargetAttributes = {
					3740D6F21D493DAB00AEA791 = {
						CreatedOnToolsVersion = 7.3;
						LastSwiftMigration = 0800;
					};
					3740D70B1D493DAB00AEA791 = {
						CreatedOnToolsVersion = 7.3;
						TestTargetID = 3740D6F21D493DAB00AEA791;
					};
					3740D7161D493DAB00AEA791 = {
						CreatedOnToolsVersion = 7.3;
						TestTargetID = 3740D6F21D493DAB00AEA791;
					};
				};
			};
			buildConfigurationList = 3740D6EE1D493DAB00AEA791 /* Build configuration list for PBXProject "Memo" */;
			compatibilityVersion = "Xcode 3.2";
			developmentRegion = English;
			hasScannedForEncodings = 0;
			knownRegions = (
				en,
				Base,
			);
			mainGroup = 3740D6EA1D493DAB00AEA791;
			productRefGroup = 3740D6F41D493DAB00AEA791 /* Products */;
			projectDirPath = "";
			projectRoot = "";
			targets = (
				3740D6F21D493DAB00AEA791 /* Memo */,
				3740D70B1D493DAB00AEA791 /* MemoTests */,
				3740D7161D493DAB00AEA791 /* MemoUITests */,
			);
		};
/* End PBXProject section */

/* Begin PBXResourcesBuildPhase section */
		3740D6F11D493DAB00AEA791 /* Resources */ = {
			isa = PBXResourcesBuildPhase;
			buildActionMask = 2147483647;
			files = (
				3740D7061D493DAB00AEA791 /* LaunchScreen.storyboard in Resources */,
				3740D7031D493DAB00AEA791 /* Assets.xcassets in Resources */,
				3740D7011D493DAB00AEA791 /* Main.storyboard in Resources */,
			);
			runOnlyForDeploymentPostprocessing = 0;
		};
		3740D70A1D493DAB00AEA791 /* Resources */ = {
			isa = PBXResourcesBuildPhase;
			buildActionMask = 2147483647;
			files = (
			);
			runOnlyForDeploymentPostprocessing = 0;
		};
		3740D7151D493DAB00AEA791 /* Resources */ = {
			isa = PBXResourcesBuildPhase;
			buildActionMask = 2147483647;
			files = (
			);
			runOnlyForDeploymentPostprocessing = 0;
		};
/* End PBXResourcesBuildPhase section */

/* Begin PBXSourcesBuildPhase section */
		3740D6EF1D493DAB00AEA791 /* Sources */ = {
			isa = PBXSourcesBuildPhase;
			buildActionMask = 2147483647;
			files = (
				3740D7431D49407300AEA791 /* NSObject+XBAutoreleasepool.m in Sources */,
				3740D74C1D4940B000AEA791 /* GraphNode.m in Sources */,
				3740D7441D49407300AEA791 /* Pair.m in Sources */,
				3740D7541D4940F700AEA791 /* Stack.m in Sources */,
				3740D74B1D4940B000AEA791 /* BTreeNode.m in Sources */,
				3740D6FE1D493DAB00AEA791 /* ViewController.m in Sources */,
				3740D7301D49403300AEA791 /* LLNode.m in Sources */,
				3740D7401D49407300AEA791 /* Blockies.m in Sources */,
				3740D7511D4940E400AEA791 /* Queue.m in Sources */,
				3740D7421D49407300AEA791 /* NSArray+Shuffle.m in Sources */,
				3740D7461D49407300AEA791 /* XBAutoreleasepool.m in Sources */,
				3740D7411D49407300AEA791 /* Misc.m in Sources */,
				3740D6FB1D493DAB00AEA791 /* AppDelegate.m in Sources */,
				3740D7451D49407300AEA791 /* Utilities.swift in Sources */,
				3740D6F81D493DAB00AEA791 /* main.m in Sources */,
			);
			runOnlyForDeploymentPostprocessing = 0;
		};
		3740D7081D493DAB00AEA791 /* Sources */ = {
			isa = PBXSourcesBuildPhase;
			buildActionMask = 2147483647;
			files = (
				3740D7111D493DAB00AEA791 /* MemoTests.m in Sources */,
			);
			runOnlyForDeploymentPostprocessing = 0;
		};
		3740D7131D493DAB00AEA791 /* Sources */ = {
			isa = PBXSourcesBuildPhase;
			buildActionMask = 2147483647;
			files = (
				3740D71C1D493DAB00AEA791 /* MemoUITests.m in Sources */,
			);
			runOnlyForDeploymentPostprocessing = 0;
		};
/* End PBXSourcesBuildPhase section */

/* Begin PBXTargetDependency section */
		3740D70E1D493DAB00AEA791 /* PBXTargetDependency */ = {
			isa = PBXTargetDependency;
			target = 3740D6F21D493DAB00AEA791 /* Memo */;
			targetProxy = 3740D70D1D493DAB00AEA791 /* PBXContainerItemProxy */;
		};
		3740D7191D493DAB00AEA791 /* PBXTargetDependency */ = {
			isa = PBXTargetDependency;
			target = 3740D6F21D493DAB00AEA791 /* Memo */;
			targetProxy = 3740D7181D493DAB00AEA791 /* PBXContainerItemProxy */;
		};
/* End PBXTargetDependency section */

/* Begin PBXVariantGroup section */
		3740D6FF1D493DAB00AEA791 /* Main.storyboard */ = {
			isa = PBXVariantGroup;
			children = (
				3740D7001D493DAB00AEA791 /* Base */,
			);
			name = Main.storyboard;
			sourceTree = "<group>";
		};
		3740D7041D493DAB00AEA791 /* LaunchScreen.storyboard */ = {
			isa = PBXVariantGroup;
			children = (
				3740D7051D493DAB00AEA791 /* Base */,
			);
			name = LaunchScreen.storyboard;
			sourceTree = "<group>";
		};
/* End PBXVariantGroup section */

/* Begin XCBuildConfiguration section */
		3740D71E1D493DAB00AEA791 /* Debug */ = {
			isa = XCBuildConfiguration;
			buildSettings = {
				ALWAYS_SEARCH_USER_PATHS = NO;
				CLANG_ANALYZER_NONNULL = YES;
				CLANG_CXX_LANGUAGE_STANDARD = "gnu++0x";
				CLANG_CXX_LIBRARY = "libc++";
				CLANG_ENABLE_MODULES = YES;
				CLANG_ENABLE_OBJC_ARC = YES;
				CLANG_WARN_BOOL_CONVERSION = YES;
				CLANG_WARN_CONSTANT_CONVERSION = YES;
				CLANG_WARN_DIRECT_OBJC_ISA_USAGE = YES_ERROR;
				CLANG_WARN_EMPTY_BODY = YES;
				CLANG_WARN_ENUM_CONVERSION = YES;
				CLANG_WARN_INT_CONVERSION = YES;
				CLANG_WARN_OBJC_ROOT_CLASS = YES_ERROR;
				CLANG_WARN_UNREACHABLE_CODE = YES;
				CLANG_WARN__DUPLICATE_METHOD_MATCH = YES;
				"CODE_SIGN_IDENTITY[sdk=iphoneos*]" = "iPhone Developer";
				COPY_PHASE_STRIP = NO;
				DEBUG_INFORMATION_FORMAT = dwarf;
				ENABLE_STRICT_OBJC_MSGSEND = YES;
				ENABLE_TESTABILITY = YES;
				GCC_C_LANGUAGE_STANDARD = gnu99;
				GCC_DYNAMIC_NO_PIC = NO;
				GCC_NO_COMMON_BLOCKS = YES;
				GCC_OPTIMIZATION_LEVEL = 0;
				GCC_PREPROCESSOR_DEFINITIONS = (
					"DEBUG=1",
					"$(inherited)",
				);
				GCC_WARN_64_TO_32_BIT_CONVERSION = YES;
				GCC_WARN_ABOUT_RETURN_TYPE = YES_ERROR;
				GCC_WARN_UNDECLARED_SELECTOR = YES;
				GCC_WARN_UNINITIALIZED_AUTOS = YES_AGGRESSIVE;
				GCC_WARN_UNUSED_FUNCTION = YES;
				GCC_WARN_UNUSED_VARIABLE = YES;
				IPHONEOS_DEPLOYMENT_TARGET = 9.3;
				MTL_ENABLE_DEBUG_INFO = YES;
				ONLY_ACTIVE_ARCH = YES;
				SDKROOT = iphoneos;
			};
			name = Debug;
		};
		3740D71F1D493DAB00AEA791 /* Release */ = {
			isa = XCBuildConfiguration;
			buildSettings = {
				ALWAYS_SEARCH_USER_PATHS = NO;
				CLANG_ANALYZER_NONNULL = YES;
				CLANG_CXX_LANGUAGE_STANDARD = "gnu++0x";
				CLANG_CXX_LIBRARY = "libc++";
				CLANG_ENABLE_MODULES = YES;
				CLANG_ENABLE_OBJC_ARC = YES;
				CLANG_WARN_BOOL_CONVERSION = YES;
				CLANG_WARN_CONSTANT_CONVERSION = YES;
				CLANG_WARN_DIRECT_OBJC_ISA_USAGE = YES_ERROR;
				CLANG_WARN_EMPTY_BODY = YES;
				CLANG_WARN_ENUM_CONVERSION = YES;
				CLANG_WARN_INT_CONVERSION = YES;
				CLANG_WARN_OBJC_ROOT_CLASS = YES_ERROR;
				CLANG_WARN_UNREACHABLE_CODE = YES;
				CLANG_WARN__DUPLICATE_METHOD_MATCH = YES;
				"CODE_SIGN_IDENTITY[sdk=iphoneos*]" = "iPhone Developer";
				COPY_PHASE_STRIP = NO;
				DEBUG_INFORMATION_FORMAT = "dwarf-with-dsym";
				ENABLE_NS_ASSERTIONS = NO;
				ENABLE_STRICT_OBJC_MSGSEND = YES;
				GCC_C_LANGUAGE_STANDARD = gnu99;
				GCC_NO_COMMON_BLOCKS = YES;
				GCC_WARN_64_TO_32_BIT_CONVERSION = YES;
				GCC_WARN_ABOUT_RETURN_TYPE = YES_ERROR;
				GCC_WARN_UNDECLARED_SELECTOR = YES;
				GCC_WARN_UNINITIALIZED_AUTOS = YES_AGGRESSIVE;
				GCC_WARN_UNUSED_FUNCTION = YES;
				GCC_WARN_UNUSED_VARIABLE = YES;
				IPHONEOS_DEPLOYMENT_TARGET = 9.3;
				MTL_ENABLE_DEBUG_INFO = NO;
				SDKROOT = iphoneos;
				VALIDATE_PRODUCT = YES;
			};
			name = Release;
		};
		3740D7211D493DAB00AEA791 /* Debug */ = {
			isa = XCBuildConfiguration;
			buildSettings = {
				ASSETCATALOG_COMPILER_APPICON_NAME = AppIcon;
				CLANG_ENABLE_MODULES = YES;
				INFOPLIST_FILE = Memo/Info.plist;
				LD_RUNPATH_SEARCH_PATHS = "$(inherited) @executable_path/Frameworks";
				PRODUCT_BUNDLE_IDENTIFIER = "com-xintongbi.Memo";
				PRODUCT_NAME = "$(TARGET_NAME)";
				SWIFT_OBJC_BRIDGING_HEADER = "Memo-Bridging-Header.h";
				SWIFT_OPTIMIZATION_LEVEL = "-Onone";
				SWIFT_VERSION = 3.0;
			};
			name = Debug;
		};
		3740D7221D493DAB00AEA791 /* Release */ = {
			isa = XCBuildConfiguration;
			buildSettings = {
				ASSETCATALOG_COMPILER_APPICON_NAME = AppIcon;
				CLANG_ENABLE_MODULES = YES;
				INFOPLIST_FILE = Memo/Info.plist;
				LD_RUNPATH_SEARCH_PATHS = "$(inherited) @executable_path/Frameworks";
				PRODUCT_BUNDLE_IDENTIFIER = "com-xintongbi.Memo";
				PRODUCT_NAME = "$(TARGET_NAME)";
				SWIFT_OBJC_BRIDGING_HEADER = "Memo-Bridging-Header.h";
				SWIFT_VERSION = 3.0;
			};
			name = Release;
		};
		3740D7241D493DAB00AEA791 /* Debug */ = {
			isa = XCBuildConfiguration;
			buildSettings = {
				BUNDLE_LOADER = "$(TEST_HOST)";
				INFOPLIST_FILE = MemoTests/Info.plist;
				LD_RUNPATH_SEARCH_PATHS = "$(inherited) @executable_path/Frameworks @loader_path/Frameworks";
				PRODUCT_BUNDLE_IDENTIFIER = "com-xintongbi.MemoTests";
				PRODUCT_NAME = "$(TARGET_NAME)";
				TEST_HOST = "$(BUILT_PRODUCTS_DIR)/Memo.app/Memo";
			};
			name = Debug;
		};
		3740D7251D493DAB00AEA791 /* Release */ = {
			isa = XCBuildConfiguration;
			buildSettings = {
				BUNDLE_LOADER = "$(TEST_HOST)";
				INFOPLIST_FILE = MemoTests/Info.plist;
				LD_RUNPATH_SEARCH_PATHS = "$(inherited) @executable_path/Frameworks @loader_path/Frameworks";
				PRODUCT_BUNDLE_IDENTIFIER = "com-xintongbi.MemoTests";
				PRODUCT_NAME = "$(TARGET_NAME)";
				TEST_HOST = "$(BUILT_PRODUCTS_DIR)/Memo.app/Memo";
			};
			name = Release;
		};
		3740D7271D493DAB00AEA791 /* Debug */ = {
			isa = XCBuildConfiguration;
			buildSettings = {
				INFOPLIST_FILE = MemoUITests/Info.plist;
				LD_RUNPATH_SEARCH_PATHS = "$(inherited) @executable_path/Frameworks @loader_path/Frameworks";
				PRODUCT_BUNDLE_IDENTIFIER = "com-xintongbi.MemoUITests";
				PRODUCT_NAME = "$(TARGET_NAME)";
				TEST_TARGET_NAME = Memo;
			};
			name = Debug;
		};
		3740D7281D493DAB00AEA791 /* Release */ = {
			isa = XCBuildConfiguration;
			buildSettings = {
				INFOPLIST_FILE = MemoUITests/Info.plist;
				LD_RUNPATH_SEARCH_PATHS = "$(inherited) @executable_path/Frameworks @loader_path/Frameworks";
				PRODUCT_BUNDLE_IDENTIFIER = "com-xintongbi.MemoUITests";
				PRODUCT_NAME = "$(TARGET_NAME)";
				TEST_TARGET_NAME = Memo;
			};
			name = Release;
		};
/* End XCBuildConfiguration section */

/* Begin XCConfigurationList section */
		3740D6EE1D493DAB00AEA791 /* Build configuration list for PBXProject "Memo" */ = {
			isa = XCConfigurationList;
			buildConfigurations = (
				3740D71E1D493DAB00AEA791 /* Debug */,
				3740D71F1D493DAB00AEA791 /* Release */,
			);
			defaultConfigurationIsVisible = 0;
			defaultConfigurationName = Release;
		};
		3740D7201D493DAB00AEA791 /* Build configuration list for PBXNativeTarget "Memo" */ = {
			isa = XCConfigurationList;
			buildConfigurations = (
				3740D7211D493DAB00AEA791 /* Debug */,
				3740D7221D493DAB00AEA791 /* Release */,
			);
			defaultConfigurationIsVisible = 0;
			defaultConfigurationName = Release;
		};
		3740D7231D493DAB00AEA791 /* Build configuration list for PBXNativeTarget "MemoTests" */ = {
			isa = XCConfigurationList;
			buildConfigurations = (
				3740D7241D493DAB00AEA791 /* Debug */,
				3740D7251D493DAB00AEA791 /* Release */,
			);
			defaultConfigurationIsVisible = 0;
			defaultConfigurationName = Release;
		};
		3740D7261D493DAB00AEA791 /* Build configuration list for PBXNativeTarget "MemoUITests" */ = {
			isa = XCConfigurationList;
			buildConfigurations = (
				3740D7271D493DAB00AEA791 /* Debug */,
				3740D7281D493DAB00AEA791 /* Release */,
			);
			defaultConfigurationIsVisible = 0;
			defaultConfigurationName = Release;
		};
/* End XCConfigurationList section */
	};
	rootObject = 3740D6EB1D493DAB00AEA791 /* Project object */;
}
