// !$*UTF8*$!
{
	archiveVersion = 1;
	classes = {
	};
	objectVersion = 46;
	objects = {

/* Begin PBXBuildFile section */
		02192EA81B59950F00375F52 /* LLNode.m in Sources */ = {isa = PBXBuildFile; fileRef = 02192EA41B59950F00375F52 /* LLNode.m */; };
		02192EAC1B59967200375F52 /* Misc.m in Sources */ = {isa = PBXBuildFile; fileRef = 02192EAB1B59967200375F52 /* Misc.m */; };
		02226ABC1B852AAE006826F9 /* BTreeNode.m in Sources */ = {isa = PBXBuildFile; fileRef = 02226ABB1B852AAE006826F9 /* BTreeNode.m */; };
		028A3FCA1B6C30B900EF21F8 /* Blockies.m in Sources */ = {isa = PBXBuildFile; fileRef = 028A3FC91B6C30B900EF21F8 /* Blockies.m */; };
		028A3FCB1B6C30B900EF21F8 /* Blockies.m in Sources */ = {isa = PBXBuildFile; fileRef = 028A3FC91B6C30B900EF21F8 /* Blockies.m */; };
		02B6D52C1B7A72BE00EC0A33 /* Stack.m in Sources */ = {isa = PBXBuildFile; fileRef = 02B6D52B1B7A72BE00EC0A33 /* Stack.m */; };
		37B6A6B41B2696B500BB623F /* main.m in Sources */ = {isa = PBXBuildFile; fileRef = 37B6A6B31B2696B500BB623F /* main.m */; };
		37B6A6B71B2696B500BB623F /* AppDelegate.m in Sources */ = {isa = PBXBuildFile; fileRef = 37B6A6B61B2696B500BB623F /* AppDelegate.m */; };
		37B6A6BA1B2696B500BB623F /* FirstViewController.m in Sources */ = {isa = PBXBuildFile; fileRef = 37B6A6B91B2696B500BB623F /* FirstViewController.m */; };
		37B6A6BD1B2696B500BB623F /* SecondViewController.m in Sources */ = {isa = PBXBuildFile; fileRef = 37B6A6BC1B2696B500BB623F /* SecondViewController.m */; };
		37B6A6C01B2696B500BB623F /* Main.storyboard in Resources */ = {isa = PBXBuildFile; fileRef = 37B6A6BE1B2696B500BB623F /* Main.storyboard */; };
		37B6A6C21B2696B500BB623F /* Images.xcassets in Resources */ = {isa = PBXBuildFile; fileRef = 37B6A6C11B2696B500BB623F /* Images.xcassets */; };
		37B6A6C51B2696B500BB623F /* LaunchScreen.xib in Resources */ = {isa = PBXBuildFile; fileRef = 37B6A6C31B2696B500BB623F /* LaunchScreen.xib */; };
		37B6A6D11B2696B500BB623F /* MemoTests.m in Sources */ = {isa = PBXBuildFile; fileRef = 37B6A6D01B2696B500BB623F /* MemoTests.m */; };
/* End PBXBuildFile section */

/* Begin PBXContainerItemProxy section */
		37B6A6CB1B2696B500BB623F /* PBXContainerItemProxy */ = {
			isa = PBXContainerItemProxy;
			containerPortal = 37B6A6A61B2696B500BB623F /* Project object */;
			proxyType = 1;
			remoteGlobalIDString = 37B6A6AD1B2696B500BB623F;
			remoteInfo = Memo;
		};
/* End PBXContainerItemProxy section */

/* Begin PBXFileReference section */
		02192EA31B59950F00375F52 /* LLNode.h */ = {isa = PBXFileReference; fileEncoding = 4; lastKnownFileType = sourcecode.c.h; path = LLNode.h; sourceTree = "<group>"; };
		02192EA41B59950F00375F52 /* LLNode.m */ = {isa = PBXFileReference; fileEncoding = 4; lastKnownFileType = sourcecode.c.objc; path = LLNode.m; sourceTree = "<group>"; };
		02192EAB1B59967200375F52 /* Misc.m */ = {isa = PBXFileReference; fileEncoding = 4; lastKnownFileType = sourcecode.c.objc; path = Misc.m; sourceTree = "<group>"; };
		02226ABA1B852AAE006826F9 /* BTreeNode.h */ = {isa = PBXFileReference; fileEncoding = 4; lastKnownFileType = sourcecode.c.h; path = BTreeNode.h; sourceTree = "<group>"; };
		02226ABB1B852AAE006826F9 /* BTreeNode.m */ = {isa = PBXFileReference; fileEncoding = 4; lastKnownFileType = sourcecode.c.objc; path = BTreeNode.m; sourceTree = "<group>"; };
		028A3FC81B6C30B900EF21F8 /* Blockies.h */ = {isa = PBXFileReference; fileEncoding = 4; lastKnownFileType = sourcecode.c.h; path = Blockies.h; sourceTree = "<group>"; };
		028A3FC91B6C30B900EF21F8 /* Blockies.m */ = {isa = PBXFileReference; fileEncoding = 4; lastKnownFileType = sourcecode.c.objc; path = Blockies.m; sourceTree = "<group>"; };
		02B6D52A1B7A72BE00EC0A33 /* Stack.h */ = {isa = PBXFileReference; fileEncoding = 4; lastKnownFileType = sourcecode.c.h; path = Stack.h; sourceTree = "<group>"; };
		02B6D52B1B7A72BE00EC0A33 /* Stack.m */ = {isa = PBXFileReference; fileEncoding = 4; lastKnownFileType = sourcecode.c.objc; path = Stack.m; sourceTree = "<group>"; };
		02B6D52D1B7A775700EC0A33 /* Misc.h */ = {isa = PBXFileReference; fileEncoding = 4; lastKnownFileType = sourcecode.c.h; path = Misc.h; sourceTree = "<group>"; };
		37B6A6AE1B2696B500BB623F /* Memo.app */ = {isa = PBXFileReference; explicitFileType = wrapper.application; includeInIndex = 0; path = Memo.app; sourceTree = BUILT_PRODUCTS_DIR; };
		37B6A6B21B2696B500BB623F /* Info.plist */ = {isa = PBXFileReference; lastKnownFileType = text.plist.xml; path = Info.plist; sourceTree = "<group>"; };
		37B6A6B31B2696B500BB623F /* main.m */ = {isa = PBXFileReference; lastKnownFileType = sourcecode.c.objc; path = main.m; sourceTree = "<group>"; };
		37B6A6B51B2696B500BB623F /* AppDelegate.h */ = {isa = PBXFileReference; lastKnownFileType = sourcecode.c.h; path = AppDelegate.h; sourceTree = "<group>"; };
		37B6A6B61B2696B500BB623F /* AppDelegate.m */ = {isa = PBXFileReference; lastKnownFileType = sourcecode.c.objc; path = AppDelegate.m; sourceTree = "<group>"; };
		37B6A6B81B2696B500BB623F /* FirstViewController.h */ = {isa = PBXFileReference; lastKnownFileType = sourcecode.c.h; path = FirstViewController.h; sourceTree = "<group>"; };
		37B6A6B91B2696B500BB623F /* FirstViewController.m */ = {isa = PBXFileReference; lastKnownFileType = sourcecode.c.objc; path = FirstViewController.m; sourceTree = "<group>"; };
		37B6A6BB1B2696B500BB623F /* SecondViewController.h */ = {isa = PBXFileReference; lastKnownFileType = sourcecode.c.h; path = SecondViewController.h; sourceTree = "<group>"; };
		37B6A6BC1B2696B500BB623F /* SecondViewController.m */ = {isa = PBXFileReference; lastKnownFileType = sourcecode.c.objc; path = SecondViewController.m; sourceTree = "<group>"; };
		37B6A6BF1B2696B500BB623F /* Base */ = {isa = PBXFileReference; lastKnownFileType = file.storyboard; name = Base; path = Base.lproj/Main.storyboard; sourceTree = "<group>"; };
		37B6A6C11B2696B500BB623F /* Images.xcassets */ = {isa = PBXFileReference; lastKnownFileType = folder.assetcatalog; path = Images.xcassets; sourceTree = "<group>"; };
		37B6A6C41B2696B500BB623F /* Base */ = {isa = PBXFileReference; lastKnownFileType = file.xib; name = Base; path = Base.lproj/LaunchScreen.xib; sourceTree = "<group>"; };
		37B6A6CA1B2696B500BB623F /* MemoTests.xctest */ = {isa = PBXFileReference; explicitFileType = wrapper.cfbundle; includeInIndex = 0; path = MemoTests.xctest; sourceTree = BUILT_PRODUCTS_DIR; };
		37B6A6CF1B2696B500BB623F /* Info.plist */ = {isa = PBXFileReference; lastKnownFileType = text.plist.xml; path = Info.plist; sourceTree = "<group>"; };
		37B6A6D01B2696B500BB623F /* MemoTests.m */ = {isa = PBXFileReference; lastKnownFileType = sourcecode.c.objc; path = MemoTests.m; sourceTree = "<group>"; };
/* End PBXFileReference section */

/* Begin PBXFrameworksBuildPhase section */
		37B6A6AB1B2696B500BB623F /* Frameworks */ = {
			isa = PBXFrameworksBuildPhase;
			buildActionMask = 2147483647;
			files = (
			);
			runOnlyForDeploymentPostprocessing = 0;
		};
		37B6A6C71B2696B500BB623F /* Frameworks */ = {
			isa = PBXFrameworksBuildPhase;
			buildActionMask = 2147483647;
			files = (
			);
			runOnlyForDeploymentPostprocessing = 0;
		};
/* End PBXFrameworksBuildPhase section */

/* Begin PBXGroup section */
		02192EA11B59950F00375F52 /* MiscFunctions */ = {
			isa = PBXGroup;
			children = (
				02B6D52D1B7A775700EC0A33 /* Misc.h */,
				02192EAB1B59967200375F52 /* Misc.m */,
				02192EA21B59950F00375F52 /* Node */,
				02192EA51B59950F00375F52 /* Queue */,
				02192EA71B59950F00375F52 /* Stack */,
				028A3FC81B6C30B900EF21F8 /* Blockies.h */,
				028A3FC91B6C30B900EF21F8 /* Blockies.m */,
			);
			path = MiscFunctions;
			sourceTree = "<group>";
		};
		02192EA21B59950F00375F52 /* Node */ = {
			isa = PBXGroup;
			children = (
				02192EA31B59950F00375F52 /* LLNode.h */,
				02192EA41B59950F00375F52 /* LLNode.m */,
				02226ABA1B852AAE006826F9 /* BTreeNode.h */,
				02226ABB1B852AAE006826F9 /* BTreeNode.m */,
			);
			path = Node;
			sourceTree = "<group>";
		};
		02192EA51B59950F00375F52 /* Queue */ = {
			isa = PBXGroup;
			children = (
			);
			path = Queue;
			sourceTree = "<group>";
		};
		02192EA71B59950F00375F52 /* Stack */ = {
			isa = PBXGroup;
			children = (
				02B6D52A1B7A72BE00EC0A33 /* Stack.h */,
				02B6D52B1B7A72BE00EC0A33 /* Stack.m */,
			);
			path = Stack;
			sourceTree = "<group>";
		};
		37B6A6A51B2696B500BB623F = {
			isa = PBXGroup;
			children = (
				37B6A6B01B2696B500BB623F /* Memo */,
				37B6A6CD1B2696B500BB623F /* MemoTests */,
				37B6A6AF1B2696B500BB623F /* Products */,
			);
			sourceTree = "<group>";
		};
		37B6A6AF1B2696B500BB623F /* Products */ = {
			isa = PBXGroup;
			children = (
				37B6A6AE1B2696B500BB623F /* Memo.app */,
				37B6A6CA1B2696B500BB623F /* MemoTests.xctest */,
			);
			name = Products;
			sourceTree = "<group>";
		};
		37B6A6B01B2696B500BB623F /* Memo */ = {
			isa = PBXGroup;
			children = (
				02192EA11B59950F00375F52 /* MiscFunctions */,
				37B6A6B51B2696B500BB623F /* AppDelegate.h */,
				37B6A6B61B2696B500BB623F /* AppDelegate.m */,
				37B6A6B81B2696B500BB623F /* FirstViewController.h */,
				37B6A6B91B2696B500BB623F /* FirstViewController.m */,
				37B6A6BB1B2696B500BB623F /* SecondViewController.h */,
				37B6A6BC1B2696B500BB623F /* SecondViewController.m */,
				37B6A6BE1B2696B500BB623F /* Main.storyboard */,
				37B6A6C11B2696B500BB623F /* Images.xcassets */,
				37B6A6C31B2696B500BB623F /* LaunchScreen.xib */,
				37B6A6B11B2696B500BB623F /* Supporting Files */,
			);
			path = Memo;
			sourceTree = "<group>";
		};
		37B6A6B11B2696B500BB623F /* Supporting Files */ = {
			isa = PBXGroup;
			children = (
				37B6A6B21B2696B500BB623F /* Info.plist */,
				37B6A6B31B2696B500BB623F /* main.m */,
			);
			name = "Supporting Files";
			sourceTree = "<group>";
		};
		37B6A6CD1B2696B500BB623F /* MemoTests */ = {
			isa = PBXGroup;
			children = (
				37B6A6D01B2696B500BB623F /* MemoTests.m */,
				37B6A6CE1B2696B500BB623F /* Supporting Files */,
			);
			path = MemoTests;
			sourceTree = "<group>";
		};
		37B6A6CE1B2696B500BB623F /* Supporting Files */ = {
			isa = PBXGroup;
			children = (
				37B6A6CF1B2696B500BB623F /* Info.plist */,
			);
			name = "Supporting Files";
			sourceTree = "<group>";
		};
/* End PBXGroup section */

/* Begin PBXNativeTarget section */
		37B6A6AD1B2696B500BB623F /* Memo */ = {
			isa = PBXNativeTarget;
			buildConfigurationList = 37B6A6D41B2696B500BB623F /* Build configuration list for PBXNativeTarget "Memo" */;
			buildPhases = (
				37B6A6AA1B2696B500BB623F /* Sources */,
				37B6A6AB1B2696B500BB623F /* Frameworks */,
				37B6A6AC1B2696B500BB623F /* Resources */,
			);
			buildRules = (
			);
			dependencies = (
			);
			name = Memo;
			productName = Memo;
			productReference = 37B6A6AE1B2696B500BB623F /* Memo.app */;
			productType = "com.apple.product-type.application";
		};
		37B6A6C91B2696B500BB623F /* MemoTests */ = {
			isa = PBXNativeTarget;
			buildConfigurationList = 37B6A6D71B2696B500BB623F /* Build configuration list for PBXNativeTarget "MemoTests" */;
			buildPhases = (
				37B6A6C61B2696B500BB623F /* Sources */,
				37B6A6C71B2696B500BB623F /* Frameworks */,
				37B6A6C81B2696B500BB623F /* Resources */,
			);
			buildRules = (
			);
			dependencies = (
				37B6A6CC1B2696B500BB623F /* PBXTargetDependency */,
			);
			name = MemoTests;
			productName = MemoTests;
			productReference = 37B6A6CA1B2696B500BB623F /* MemoTests.xctest */;
			productType = "com.apple.product-type.bundle.unit-test";
		};
/* End PBXNativeTarget section */

/* Begin PBXProject section */
		37B6A6A61B2696B500BB623F /* Project object */ = {
			isa = PBXProject;
			attributes = {
				LastUpgradeCheck = 0620;
				ORGANIZATIONNAME = XintongBi;
				TargetAttributes = {
					37B6A6AD1B2696B500BB623F = {
						CreatedOnToolsVersion = 6.2;
					};
					37B6A6C91B2696B500BB623F = {
						CreatedOnToolsVersion = 6.2;
						TestTargetID = 37B6A6AD1B2696B500BB623F;
					};
				};
			};
			buildConfigurationList = 37B6A6A91B2696B500BB623F /* Build configuration list for PBXProject "Memo" */;
			compatibilityVersion = "Xcode 3.2";
			developmentRegion = English;
			hasScannedForEncodings = 0;
			knownRegions = (
				en,
				Base,
			);
			mainGroup = 37B6A6A51B2696B500BB623F;
			productRefGroup = 37B6A6AF1B2696B500BB623F /* Products */;
			projectDirPath = "";
			projectRoot = "";
			targets = (
				37B6A6AD1B2696B500BB623F /* Memo */,
				37B6A6C91B2696B500BB623F /* MemoTests */,
			);
		};
/* End PBXProject section */

/* Begin PBXResourcesBuildPhase section */
		37B6A6AC1B2696B500BB623F /* Resources */ = {
			isa = PBXResourcesBuildPhase;
			buildActionMask = 2147483647;
			files = (
				37B6A6C01B2696B500BB623F /* Main.storyboard in Resources */,
				37B6A6C51B2696B500BB623F /* LaunchScreen.xib in Resources */,
				37B6A6C21B2696B500BB623F /* Images.xcassets in Resources */,
			);
			runOnlyForDeploymentPostprocessing = 0;
		};
		37B6A6C81B2696B500BB623F /* Resources */ = {
			isa = PBXResourcesBuildPhase;
			buildActionMask = 2147483647;
			files = (
			);
			runOnlyForDeploymentPostprocessing = 0;
		};
/* End PBXResourcesBuildPhase section */

/* Begin PBXSourcesBuildPhase section */
		37B6A6AA1B2696B500BB623F /* Sources */ = {
			isa = PBXSourcesBuildPhase;
			buildActionMask = 2147483647;
			files = (
				02B6D52C1B7A72BE00EC0A33 /* Stack.m in Sources */,
				37B6A6BD1B2696B500BB623F /* SecondViewController.m in Sources */,
				028A3FCA1B6C30B900EF21F8 /* Blockies.m in Sources */,
				37B6A6B71B2696B500BB623F /* AppDelegate.m in Sources */,
				37B6A6BA1B2696B500BB623F /* FirstViewController.m in Sources */,
				02192EAC1B59967200375F52 /* Misc.m in Sources */,
				37B6A6B41B2696B500BB623F /* main.m in Sources */,
				02192EA81B59950F00375F52 /* LLNode.m in Sources */,
				02226ABC1B852AAE006826F9 /* BTreeNode.m in Sources */,
			);
			runOnlyForDeploymentPostprocessing = 0;
		};
		37B6A6C61B2696B500BB623F /* Sources */ = {
			isa = PBXSourcesBuildPhase;
			buildActionMask = 2147483647;
			files = (
				37B6A6D11B2696B500BB623F /* MemoTests.m in Sources */,
				028A3FCB1B6C30B900EF21F8 /* Blockies.m in Sources */,
			);
			runOnlyForDeploymentPostprocessing = 0;
		};
/* End PBXSourcesBuildPhase section */

/* Begin PBXTargetDependency section */
		37B6A6CC1B2696B500BB623F /* PBXTargetDependency */ = {
			isa = PBXTargetDependency;
			target = 37B6A6AD1B2696B500BB623F /* Memo */;
			targetProxy = 37B6A6CB1B2696B500BB623F /* PBXContainerItemProxy */;
		};
/* End PBXTargetDependency section */

/* Begin PBXVariantGroup section */
		37B6A6BE1B2696B500BB623F /* Main.storyboard */ = {
			isa = PBXVariantGroup;
			children = (
				37B6A6BF1B2696B500BB623F /* Base */,
			);
			name = Main.storyboard;
			sourceTree = "<group>";
		};
		37B6A6C31B2696B500BB623F /* LaunchScreen.xib */ = {
			isa = PBXVariantGroup;
			children = (
				37B6A6C41B2696B500BB623F /* Base */,
			);
			name = LaunchScreen.xib;
			sourceTree = "<group>";
		};
/* End PBXVariantGroup section */

/* Begin XCBuildConfiguration section */
		37B6A6D21B2696B500BB623F /* Debug */ = {
			isa = XCBuildConfiguration;
			buildSettings = {
				ALWAYS_SEARCH_USER_PATHS = NO;
				CLANG_CXX_LANGUAGE_STANDARD = "gnu++0x";
				CLANG_CXX_LIBRARY = "libc++";
				CLANG_ENABLE_MODULES = YES;
				CLANG_ENABLE_OBJC_ARC = YES;
				CLANG_WARN_BOOL_CONVERSION = YES;
				CLANG_WARN_CONSTANT_CONVERSION = YES;
				CLANG_WARN_DIRECT_OBJC_ISA_USAGE = YES_ERROR;
				CLANG_WARN_EMPTY_BODY = YES;
				CLANG_WARN_ENUM_CONVERSION = YES;
				CLANG_WARN_INT_CONVERSION = YES;
				CLANG_WARN_OBJC_ROOT_CLASS = YES_ERROR;
				CLANG_WARN_UNREACHABLE_CODE = YES;
				CLANG_WARN__DUPLICATE_METHOD_MATCH = YES;
				"CODE_SIGN_IDENTITY[sdk=iphoneos*]" = "iPhone Developer";
				COPY_PHASE_STRIP = NO;
				ENABLE_STRICT_OBJC_MSGSEND = YES;
				GCC_C_LANGUAGE_STANDARD = gnu99;
				GCC_DYNAMIC_NO_PIC = NO;
				GCC_OPTIMIZATION_LEVEL = 0;
				GCC_PREPROCESSOR_DEFINITIONS = (
					"DEBUG=1",
					"$(inherited)",
				);
				GCC_SYMBOLS_PRIVATE_EXTERN = NO;
				GCC_WARN_64_TO_32_BIT_CONVERSION = YES;
				GCC_WARN_ABOUT_RETURN_TYPE = YES_ERROR;
				GCC_WARN_UNDECLARED_SELECTOR = YES;
				GCC_WARN_UNINITIALIZED_AUTOS = YES_AGGRESSIVE;
				GCC_WARN_UNUSED_FUNCTION = YES;
				GCC_WARN_UNUSED_VARIABLE = YES;
				IPHONEOS_DEPLOYMENT_TARGET = 8.0;
				MTL_ENABLE_DEBUG_INFO = YES;
				ONLY_ACTIVE_ARCH = YES;
				SDKROOT = iphoneos;
			};
			name = Debug;
		};
		37B6A6D31B2696B500BB623F /* Release */ = {
			isa = XCBuildConfiguration;
			buildSettings = {
				ALWAYS_SEARCH_USER_PATHS = NO;
				CLANG_CXX_LANGUAGE_STANDARD = "gnu++0x";
				CLANG_CXX_LIBRARY = "libc++";
				CLANG_ENABLE_MODULES = YES;
				CLANG_ENABLE_OBJC_ARC = YES;
				CLANG_WARN_BOOL_CONVERSION = YES;
				CLANG_WARN_CONSTANT_CONVERSION = YES;
				CLANG_WARN_DIRECT_OBJC_ISA_USAGE = YES_ERROR;
				CLANG_WARN_EMPTY_BODY = YES;
				CLANG_WARN_ENUM_CONVERSION = YES;
				CLANG_WARN_INT_CONVERSION = YES;
				CLANG_WARN_OBJC_ROOT_CLASS = YES_ERROR;
				CLANG_WARN_UNREACHABLE_CODE = YES;
				CLANG_WARN__DUPLICATE_METHOD_MATCH = YES;
				"CODE_SIGN_IDENTITY[sdk=iphoneos*]" = "iPhone Developer";
				COPY_PHASE_STRIP = NO;
				ENABLE_NS_ASSERTIONS = NO;
				ENABLE_STRICT_OBJC_MSGSEND = YES;
				GCC_C_LANGUAGE_STANDARD = gnu99;
				GCC_WARN_64_TO_32_BIT_CONVERSION = YES;
				GCC_WARN_ABOUT_RETURN_TYPE = YES_ERROR;
				GCC_WARN_UNDECLARED_SELECTOR = YES;
				GCC_WARN_UNINITIALIZED_AUTOS = YES_AGGRESSIVE;
				GCC_WARN_UNUSED_FUNCTION = YES;
				GCC_WARN_UNUSED_VARIABLE = YES;
				IPHONEOS_DEPLOYMENT_TARGET = 8.0;
				MTL_ENABLE_DEBUG_INFO = NO;
				SDKROOT = iphoneos;
				VALIDATE_PRODUCT = YES;
			};
			name = Release;
		};
		37B6A6D51B2696B500BB623F /* Debug */ = {
			isa = XCBuildConfiguration;
			buildSettings = {
				ASSETCATALOG_COMPILER_APPICON_NAME = AppIcon;
				INFOPLIST_FILE = Memo/Info.plist;
				IPHONEOS_DEPLOYMENT_TARGET = 8.0;
				LD_RUNPATH_SEARCH_PATHS = "$(inherited) @executable_path/Frameworks";
				PRODUCT_NAME = "$(TARGET_NAME)";
			};
			name = Debug;
		};
		37B6A6D61B2696B500BB623F /* Release */ = {
			isa = XCBuildConfiguration;
			buildSettings = {
				ASSETCATALOG_COMPILER_APPICON_NAME = AppIcon;
				INFOPLIST_FILE = Memo/Info.plist;
				IPHONEOS_DEPLOYMENT_TARGET = 8.0;
				LD_RUNPATH_SEARCH_PATHS = "$(inherited) @executable_path/Frameworks";
				PRODUCT_NAME = "$(TARGET_NAME)";
			};
			name = Release;
		};
		37B6A6D81B2696B500BB623F /* Debug */ = {
			isa = XCBuildConfiguration;
			buildSettings = {
				BUNDLE_LOADER = "$(TEST_HOST)";
				FRAMEWORK_SEARCH_PATHS = (
					"$(SDKROOT)/Developer/Library/Frameworks",
					"$(inherited)",
				);
				GCC_PREPROCESSOR_DEFINITIONS = (
					"DEBUG=1",
					"$(inherited)",
				);
				INFOPLIST_FILE = MemoTests/Info.plist;
				LD_RUNPATH_SEARCH_PATHS = "$(inherited) @executable_path/Frameworks @loader_path/Frameworks";
				PRODUCT_NAME = "$(TARGET_NAME)";
				TEST_HOST = "$(BUILT_PRODUCTS_DIR)/Memo.app/Memo";
			};
			name = Debug;
		};
		37B6A6D91B2696B500BB623F /* Release */ = {
			isa = XCBuildConfiguration;
			buildSettings = {
				BUNDLE_LOADER = "$(TEST_HOST)";
				FRAMEWORK_SEARCH_PATHS = (
					"$(SDKROOT)/Developer/Library/Frameworks",
					"$(inherited)",
				);
				INFOPLIST_FILE = MemoTests/Info.plist;
				LD_RUNPATH_SEARCH_PATHS = "$(inherited) @executable_path/Frameworks @loader_path/Frameworks";
				PRODUCT_NAME = "$(TARGET_NAME)";
				TEST_HOST = "$(BUILT_PRODUCTS_DIR)/Memo.app/Memo";
			};
			name = Release;
		};
/* End XCBuildConfiguration section */

/* Begin XCConfigurationList section */
		37B6A6A91B2696B500BB623F /* Build configuration list for PBXProject "Memo" */ = {
			isa = XCConfigurationList;
			buildConfigurations = (
				37B6A6D21B2696B500BB623F /* Debug */,
				37B6A6D31B2696B500BB623F /* Release */,
			);
			defaultConfigurationIsVisible = 0;
			defaultConfigurationName = Release;
		};
		37B6A6D41B2696B500BB623F /* Build configuration list for PBXNativeTarget "Memo" */ = {
			isa = XCConfigurationList;
			buildConfigurations = (
				37B6A6D51B2696B500BB623F /* Debug */,
				37B6A6D61B2696B500BB623F /* Release */,
			);
			defaultConfigurationIsVisible = 0;
			defaultConfigurationName = Release;
		};
		37B6A6D71B2696B500BB623F /* Build configuration list for PBXNativeTarget "MemoTests" */ = {
			isa = XCConfigurationList;
			buildConfigurations = (
				37B6A6D81B2696B500BB623F /* Debug */,
				37B6A6D91B2696B500BB623F /* Release */,
			);
			defaultConfigurationIsVisible = 0;
			defaultConfigurationName = Release;
		};
/* End XCConfigurationList section */
	};
	rootObject = 37B6A6A61B2696B500BB623F /* Project object */;
}
