// !$*UTF8*$!
{
	archiveVersion = 1;
	classes = {
	};
	objectVersion = 46;
	objects = {

/* Begin PBXBuildFile section */
		0214355D1D398FC5004913DC /* AppDelegate.swift in Sources */ = {isa = PBXBuildFile; fileRef = 0214355C1D398FC5004913DC /* AppDelegate.swift */; };
		0214355F1D398FC5004913DC /* ViewController.swift in Sources */ = {isa = PBXBuildFile; fileRef = 0214355E1D398FC5004913DC /* ViewController.swift */; };
		021435621D398FC5004913DC /* Main.storyboard in Resources */ = {isa = PBXBuildFile; fileRef = 021435601D398FC5004913DC /* Main.storyboard */; };
		021435651D398FC5004913DC /* Swift2Garden.xcdatamodeld in Sources */ = {isa = PBXBuildFile; fileRef = 021435631D398FC5004913DC /* Swift2Garden.xcdatamodeld */; };
		021435671D398FC5004913DC /* Assets.xcassets in Resources */ = {isa = PBXBuildFile; fileRef = 021435661D398FC5004913DC /* Assets.xcassets */; };
		0214356A1D398FC5004913DC /* LaunchScreen.storyboard in Resources */ = {isa = PBXBuildFile; fileRef = 021435681D398FC5004913DC /* LaunchScreen.storyboard */; };
		021435751D398FC5004913DC /* Swift2GardenTests.swift in Sources */ = {isa = PBXBuildFile; fileRef = 021435741D398FC5004913DC /* Swift2GardenTests.swift */; };
		021435801D398FC5004913DC /* Swift2GardenUITests.swift in Sources */ = {isa = PBXBuildFile; fileRef = 0214357F1D398FC5004913DC /* Swift2GardenUITests.swift */; };
		0214358E1D39916F004913DC /* FunStuff.swift in Sources */ = {isa = PBXBuildFile; fileRef = 0214358D1D39916F004913DC /* FunStuff.swift */; };
		021435901D39A8B3004913DC /* TreeNode.swift in Sources */ = {isa = PBXBuildFile; fileRef = 0214358F1D39A8B3004913DC /* TreeNode.swift */; };
		021435921D3D8754004913DC /* Leets.swift in Sources */ = {isa = PBXBuildFile; fileRef = 021435911D3D8754004913DC /* Leets.swift */; };
		3702F1D31F03244E00616019 /* LRUCache.swift in Sources */ = {isa = PBXBuildFile; fileRef = 3702F1D21F03244E00616019 /* LRUCache.swift */; };
		37A2FFC41E3C4E0400F4FD30 /* Mianshi in Resources */ = {isa = PBXBuildFile; fileRef = 37A2FFC31E3C4E0400F4FD30 /* Mianshi */; };
		37FFF4541D5E70B50044738F /* RandomFun.swift in Sources */ = {isa = PBXBuildFile; fileRef = 37FFF4531D5E70B50044738F /* RandomFun.swift */; };
		37FFF4561D789BE30044738F /* FunStrings.swift in Sources */ = {isa = PBXBuildFile; fileRef = 37FFF4551D789BE30044738F /* FunStrings.swift */; };
		37FFF4581D789EF10044738F /* misc.swift in Sources */ = {isa = PBXBuildFile; fileRef = 37FFF4571D789EF10044738F /* misc.swift */; };
/* End PBXBuildFile section */

/* Begin PBXContainerItemProxy section */
		021435711D398FC5004913DC /* PBXContainerItemProxy */ = {
			isa = PBXContainerItemProxy;
			containerPortal = 021435511D398FC5004913DC /* Project object */;
			proxyType = 1;
			remoteGlobalIDString = 021435581D398FC5004913DC;
			remoteInfo = Swift2Garden;
		};
		0214357C1D398FC5004913DC /* PBXContainerItemProxy */ = {
			isa = PBXContainerItemProxy;
			containerPortal = 021435511D398FC5004913DC /* Project object */;
			proxyType = 1;
			remoteGlobalIDString = 021435581D398FC5004913DC;
			remoteInfo = Swift2Garden;
		};
		967FEDC21E3714A700891BCD /* PBXContainerItemProxy */ = {
			isa = PBXContainerItemProxy;
			containerPortal = 967FEDB81E3714A600891BCD /* Buckets.xcodeproj */;
			proxyType = 2;
			remoteGlobalIDString = 22A142DA1AB4D40900E70376;
			remoteInfo = "Buckets iOS";
		};
		967FEDC41E3714A700891BCD /* PBXContainerItemProxy */ = {
			isa = PBXContainerItemProxy;
			containerPortal = 967FEDB81E3714A600891BCD /* Buckets.xcodeproj */;
			proxyType = 2;
			remoteGlobalIDString = 22A142E51AB4D40900E70376;
			remoteInfo = "Buckets iOS Tests";
		};
		967FEDC61E3714A700891BCD /* PBXContainerItemProxy */ = {
			isa = PBXContainerItemProxy;
			containerPortal = 967FEDB81E3714A600891BCD /* Buckets.xcodeproj */;
			proxyType = 2;
			remoteGlobalIDString = 22DD3CBC1AB5062D0083B4AB;
			remoteInfo = "Buckets OSX";
		};
		967FEDC81E3714A700891BCD /* PBXContainerItemProxy */ = {
			isa = PBXContainerItemProxy;
			containerPortal = 967FEDB81E3714A600891BCD /* Buckets.xcodeproj */;
			proxyType = 2;
			remoteGlobalIDString = 22DD3CC61AB5062D0083B4AB;
			remoteInfo = "Buckets OSX Tests";
		};
		967FEDCA1E3714A700891BCD /* PBXContainerItemProxy */ = {
			isa = PBXContainerItemProxy;
			containerPortal = 967FEDB81E3714A600891BCD /* Buckets.xcodeproj */;
			proxyType = 2;
			remoteGlobalIDString = 226F22941C633F5100D5F862;
			remoteInfo = "Buckets watchOS";
		};
		967FEDCC1E3714A700891BCD /* PBXContainerItemProxy */ = {
			isa = PBXContainerItemProxy;
			containerPortal = 967FEDB81E3714A600891BCD /* Buckets.xcodeproj */;
			proxyType = 2;
			remoteGlobalIDString = 226F22B61C63423300D5F862;
			remoteInfo = "Buckets tvOS";
		};
		967FEDCE1E3714A700891BCD /* PBXContainerItemProxy */ = {
			isa = PBXContainerItemProxy;
			containerPortal = 967FEDB81E3714A600891BCD /* Buckets.xcodeproj */;
			proxyType = 2;
			remoteGlobalIDString = 226F22D61C63441900D5F862;
			remoteInfo = "Buckets tvOS Tests";
		};
		967FEDD01E37221F00891BCD /* PBXContainerItemProxy */ = {
			isa = PBXContainerItemProxy;
			containerPortal = 967FEDB81E3714A600891BCD /* Buckets.xcodeproj */;
			proxyType = 1;
			remoteGlobalIDString = 22A142D91AB4D40900E70376;
			remoteInfo = "Buckets iOS";
		};
/* End PBXContainerItemProxy section */

/* Begin PBXFileReference section */
		021435591D398FC5004913DC /* Swift2Garden.app */ = {isa = PBXFileReference; explicitFileType = wrapper.application; includeInIndex = 0; path = Swift2Garden.app; sourceTree = BUILT_PRODUCTS_DIR; };
		0214355C1D398FC5004913DC /* AppDelegate.swift */ = {isa = PBXFileReference; lastKnownFileType = sourcecode.swift; path = AppDelegate.swift; sourceTree = "<group>"; };
		0214355E1D398FC5004913DC /* ViewController.swift */ = {isa = PBXFileReference; lastKnownFileType = sourcecode.swift; path = ViewController.swift; sourceTree = "<group>"; };
		021435611D398FC5004913DC /* Base */ = {isa = PBXFileReference; lastKnownFileType = file.storyboard; name = Base; path = Base.lproj/Main.storyboard; sourceTree = "<group>"; };
		021435641D398FC5004913DC /* Swift2Garden.xcdatamodel */ = {isa = PBXFileReference; lastKnownFileType = wrapper.xcdatamodel; path = Swift2Garden.xcdatamodel; sourceTree = "<group>"; };
		021435661D398FC5004913DC /* Assets.xcassets */ = {isa = PBXFileReference; lastKnownFileType = folder.assetcatalog; path = Assets.xcassets; sourceTree = "<group>"; };
		021435691D398FC5004913DC /* Base */ = {isa = PBXFileReference; lastKnownFileType = file.storyboard; name = Base; path = Base.lproj/LaunchScreen.storyboard; sourceTree = "<group>"; };
		0214356B1D398FC5004913DC /* Info.plist */ = {isa = PBXFileReference; lastKnownFileType = text.plist.xml; path = Info.plist; sourceTree = "<group>"; };
		021435701D398FC5004913DC /* Swift2GardenTests.xctest */ = {isa = PBXFileReference; explicitFileType = wrapper.cfbundle; includeInIndex = 0; path = Swift2GardenTests.xctest; sourceTree = BUILT_PRODUCTS_DIR; };
		021435741D398FC5004913DC /* Swift2GardenTests.swift */ = {isa = PBXFileReference; lastKnownFileType = sourcecode.swift; path = Swift2GardenTests.swift; sourceTree = "<group>"; };
		021435761D398FC5004913DC /* Info.plist */ = {isa = PBXFileReference; lastKnownFileType = text.plist.xml; path = Info.plist; sourceTree = "<group>"; };
		0214357B1D398FC5004913DC /* Swift2GardenUITests.xctest */ = {isa = PBXFileReference; explicitFileType = wrapper.cfbundle; includeInIndex = 0; path = Swift2GardenUITests.xctest; sourceTree = BUILT_PRODUCTS_DIR; };
		0214357F1D398FC5004913DC /* Swift2GardenUITests.swift */ = {isa = PBXFileReference; lastKnownFileType = sourcecode.swift; path = Swift2GardenUITests.swift; sourceTree = "<group>"; };
		021435811D398FC5004913DC /* Info.plist */ = {isa = PBXFileReference; lastKnownFileType = text.plist.xml; path = Info.plist; sourceTree = "<group>"; };
		0214358D1D39916F004913DC /* FunStuff.swift */ = {isa = PBXFileReference; fileEncoding = 4; lastKnownFileType = sourcecode.swift; path = FunStuff.swift; sourceTree = "<group>"; };
		0214358F1D39A8B3004913DC /* TreeNode.swift */ = {isa = PBXFileReference; fileEncoding = 4; lastKnownFileType = sourcecode.swift; path = TreeNode.swift; sourceTree = "<group>"; };
		021435911D3D8754004913DC /* Leets.swift */ = {isa = PBXFileReference; fileEncoding = 4; lastKnownFileType = sourcecode.swift; path = Leets.swift; sourceTree = "<group>"; };
		3702F1D21F03244E00616019 /* LRUCache.swift */ = {isa = PBXFileReference; fileEncoding = 4; lastKnownFileType = sourcecode.swift; path = LRUCache.swift; sourceTree = "<group>"; };
		37A2FFC31E3C4E0400F4FD30 /* Mianshi */ = {isa = PBXFileReference; lastKnownFileType = folder; path = Mianshi; sourceTree = "<group>"; };
		37FFF4531D5E70B50044738F /* RandomFun.swift */ = {isa = PBXFileReference; fileEncoding = 4; lastKnownFileType = sourcecode.swift; path = RandomFun.swift; sourceTree = "<group>"; };
		37FFF4551D789BE30044738F /* FunStrings.swift */ = {isa = PBXFileReference; fileEncoding = 4; lastKnownFileType = sourcecode.swift; path = FunStrings.swift; sourceTree = "<group>"; };
		37FFF4571D789EF10044738F /* misc.swift */ = {isa = PBXFileReference; fileEncoding = 4; lastKnownFileType = sourcecode.swift; path = misc.swift; sourceTree = "<group>"; };
		967FEDB81E3714A600891BCD /* Buckets.xcodeproj */ = {isa = PBXFileReference; lastKnownFileType = "wrapper.pb-project"; name = Buckets.xcodeproj; path = "../3dParty/Buckets-Swift-2.0.0/Buckets.xcodeproj"; sourceTree = "<group>"; };
/* End PBXFileReference section */

/* Begin PBXFrameworksBuildPhase section */
		021435561D398FC5004913DC /* Frameworks */ = {
			isa = PBXFrameworksBuildPhase;
			buildActionMask = 2147483647;
			files = (
			);
			runOnlyForDeploymentPostprocessing = 0;
		};
		0214356D1D398FC5004913DC /* Frameworks */ = {
			isa = PBXFrameworksBuildPhase;
			buildActionMask = 2147483647;
			files = (
			);
			runOnlyForDeploymentPostprocessing = 0;
		};
		021435781D398FC5004913DC /* Frameworks */ = {
			isa = PBXFrameworksBuildPhase;
			buildActionMask = 2147483647;
			files = (
			);
			runOnlyForDeploymentPostprocessing = 0;
		};
/* End PBXFrameworksBuildPhase section */

/* Begin PBXGroup section */
		021435501D398FC5004913DC = {
			isa = PBXGroup;
			children = (
				967FEDB81E3714A600891BCD /* Buckets.xcodeproj */,
				0214358D1D39916F004913DC /* FunStuff.swift */,
				0214355B1D398FC5004913DC /* Swift2Garden */,
				021435731D398FC5004913DC /* Swift2GardenTests */,
				0214357E1D398FC5004913DC /* Swift2GardenUITests */,
				0214355A1D398FC5004913DC /* Products */,
			);
			sourceTree = "<group>";
		};
		0214355A1D398FC5004913DC /* Products */ = {
			isa = PBXGroup;
			children = (
				021435591D398FC5004913DC /* Swift2Garden.app */,
				021435701D398FC5004913DC /* Swift2GardenTests.xctest */,
				0214357B1D398FC5004913DC /* Swift2GardenUITests.xctest */,
			);
			name = Products;
			sourceTree = "<group>";
		};
		0214355B1D398FC5004913DC /* Swift2Garden */ = {
			isa = PBXGroup;
			children = (
				37A2FFC31E3C4E0400F4FD30 /* Mianshi */,
				0214355C1D398FC5004913DC /* AppDelegate.swift */,
				0214355E1D398FC5004913DC /* ViewController.swift */,
				021435911D3D8754004913DC /* Leets.swift */,
				37FFF4531D5E70B50044738F /* RandomFun.swift */,
				37FFF4551D789BE30044738F /* FunStrings.swift */,
				3702F1D21F03244E00616019 /* LRUCache.swift */,
				37FFF4571D789EF10044738F /* misc.swift */,
				0214358F1D39A8B3004913DC /* TreeNode.swift */,
				021435601D398FC5004913DC /* Main.storyboard */,
				021435661D398FC5004913DC /* Assets.xcassets */,
				021435681D398FC5004913DC /* LaunchScreen.storyboard */,
				0214356B1D398FC5004913DC /* Info.plist */,
				021435631D398FC5004913DC /* Swift2Garden.xcdatamodeld */,
			);
			path = Swift2Garden;
			sourceTree = "<group>";
		};
		021435731D398FC5004913DC /* Swift2GardenTests */ = {
			isa = PBXGroup;
			children = (
				021435741D398FC5004913DC /* Swift2GardenTests.swift */,
				021435761D398FC5004913DC /* Info.plist */,
			);
			path = Swift2GardenTests;
			sourceTree = "<group>";
		};
		0214357E1D398FC5004913DC /* Swift2GardenUITests */ = {
			isa = PBXGroup;
			children = (
				0214357F1D398FC5004913DC /* Swift2GardenUITests.swift */,
				021435811D398FC5004913DC /* Info.plist */,
			);
			path = Swift2GardenUITests;
			sourceTree = "<group>";
		};
		967FEDB91E3714A600891BCD /* Products */ = {
			isa = PBXGroup;
			children = (
				967FEDC31E3714A700891BCD /* Buckets.framework */,
				967FEDC51E3714A700891BCD /* Buckets iOS Tests.xctest */,
				967FEDC71E3714A700891BCD /* Buckets.framework */,
				967FEDC91E3714A700891BCD /* Buckets OSX Tests.xctest */,
				967FEDCB1E3714A700891BCD /* Buckets.framework */,
				967FEDCD1E3714A700891BCD /* Buckets.framework */,
				967FEDCF1E3714A700891BCD /* Buckets tvOS Tests.xctest */,
			);
			name = Products;
			sourceTree = "<group>";
		};
/* End PBXGroup section */

/* Begin PBXNativeTarget section */
		021435581D398FC5004913DC /* Swift2Garden */ = {
			isa = PBXNativeTarget;
			buildConfigurationList = 021435841D398FC5004913DC /* Build configuration list for PBXNativeTarget "Swift2Garden" */;
			buildPhases = (
				021435551D398FC5004913DC /* Sources */,
				021435561D398FC5004913DC /* Frameworks */,
				021435571D398FC5004913DC /* Resources */,
			);
			buildRules = (
			);
			dependencies = (
				967FEDD11E37221F00891BCD /* PBXTargetDependency */,
			);
			name = Swift2Garden;
			productName = Swift2Garden;
			productReference = 021435591D398FC5004913DC /* Swift2Garden.app */;
			productType = "com.apple.product-type.application";
		};
		0214356F1D398FC5004913DC /* Swift2GardenTests */ = {
			isa = PBXNativeTarget;
			buildConfigurationList = 021435871D398FC5004913DC /* Build configuration list for PBXNativeTarget "Swift2GardenTests" */;
			buildPhases = (
				0214356C1D398FC5004913DC /* Sources */,
				0214356D1D398FC5004913DC /* Frameworks */,
				0214356E1D398FC5004913DC /* Resources */,
			);
			buildRules = (
			);
			dependencies = (
				021435721D398FC5004913DC /* PBXTargetDependency */,
			);
			name = Swift2GardenTests;
			productName = Swift2GardenTests;
			productReference = 021435701D398FC5004913DC /* Swift2GardenTests.xctest */;
			productType = "com.apple.product-type.bundle.unit-test";
		};
		0214357A1D398FC5004913DC /* Swift2GardenUITests */ = {
			isa = PBXNativeTarget;
			buildConfigurationList = 0214358A1D398FC5004913DC /* Build configuration list for PBXNativeTarget "Swift2GardenUITests" */;
			buildPhases = (
				021435771D398FC5004913DC /* Sources */,
				021435781D398FC5004913DC /* Frameworks */,
				021435791D398FC5004913DC /* Resources */,
			);
			buildRules = (
			);
			dependencies = (
				0214357D1D398FC5004913DC /* PBXTargetDependency */,
			);
			name = Swift2GardenUITests;
			productName = Swift2GardenUITests;
			productReference = 0214357B1D398FC5004913DC /* Swift2GardenUITests.xctest */;
			productType = "com.apple.product-type.bundle.ui-testing";
		};
/* End PBXNativeTarget section */

/* Begin PBXProject section */
		021435511D398FC5004913DC /* Project object */ = {
			isa = PBXProject;
			attributes = {
				LastSwiftUpdateCheck = 0730;
				LastUpgradeCheck = 0800;
				ORGANIZATIONNAME = XintongBi;
				TargetAttributes = {
					021435581D398FC5004913DC = {
						CreatedOnToolsVersion = 7.3;
						LastSwiftMigration = 0800;
					};
					0214356F1D398FC5004913DC = {
						CreatedOnToolsVersion = 7.3;
						LastSwiftMigration = 0800;
						TestTargetID = 021435581D398FC5004913DC;
					};
					0214357A1D398FC5004913DC = {
						CreatedOnToolsVersion = 7.3;
						LastSwiftMigration = 0800;
						TestTargetID = 021435581D398FC5004913DC;
					};
				};
			};
			buildConfigurationList = 021435541D398FC5004913DC /* Build configuration list for PBXProject "Swift2Garden" */;
			compatibilityVersion = "Xcode 3.2";
			developmentRegion = English;
			hasScannedForEncodings = 0;
			knownRegions = (
				en,
				Base,
			);
			mainGroup = 021435501D398FC5004913DC;
			productRefGroup = 0214355A1D398FC5004913DC /* Products */;
			projectDirPath = "";
			projectReferences = (
				{
					ProductGroup = 967FEDB91E3714A600891BCD /* Products */;
					ProjectRef = 967FEDB81E3714A600891BCD /* Buckets.xcodeproj */;
				},
			);
			projectRoot = "";
			targets = (
				021435581D398FC5004913DC /* Swift2Garden */,
				0214356F1D398FC5004913DC /* Swift2GardenTests */,
				0214357A1D398FC5004913DC /* Swift2GardenUITests */,
			);
		};
/* End PBXProject section */

/* Begin PBXReferenceProxy section */
		967FEDC31E3714A700891BCD /* Buckets.framework */ = {
			isa = PBXReferenceProxy;
			fileType = wrapper.framework;
			path = Buckets.framework;
			remoteRef = 967FEDC21E3714A700891BCD /* PBXContainerItemProxy */;
			sourceTree = BUILT_PRODUCTS_DIR;
		};
		967FEDC51E3714A700891BCD /* Buckets iOS Tests.xctest */ = {
			isa = PBXReferenceProxy;
			fileType = wrapper.cfbundle;
			path = "Buckets iOS Tests.xctest";
			remoteRef = 967FEDC41E3714A700891BCD /* PBXContainerItemProxy */;
			sourceTree = BUILT_PRODUCTS_DIR;
		};
		967FEDC71E3714A700891BCD /* Buckets.framework */ = {
			isa = PBXReferenceProxy;
			fileType = wrapper.framework;
			path = Buckets.framework;
			remoteRef = 967FEDC61E3714A700891BCD /* PBXContainerItemProxy */;
			sourceTree = BUILT_PRODUCTS_DIR;
		};
		967FEDC91E3714A700891BCD /* Buckets OSX Tests.xctest */ = {
			isa = PBXReferenceProxy;
			fileType = wrapper.cfbundle;
			path = "Buckets OSX Tests.xctest";
			remoteRef = 967FEDC81E3714A700891BCD /* PBXContainerItemProxy */;
			sourceTree = BUILT_PRODUCTS_DIR;
		};
		967FEDCB1E3714A700891BCD /* Buckets.framework */ = {
			isa = PBXReferenceProxy;
			fileType = wrapper.framework;
			path = Buckets.framework;
			remoteRef = 967FEDCA1E3714A700891BCD /* PBXContainerItemProxy */;
			sourceTree = BUILT_PRODUCTS_DIR;
		};
		967FEDCD1E3714A700891BCD /* Buckets.framework */ = {
			isa = PBXReferenceProxy;
			fileType = wrapper.framework;
			path = Buckets.framework;
			remoteRef = 967FEDCC1E3714A700891BCD /* PBXContainerItemProxy */;
			sourceTree = BUILT_PRODUCTS_DIR;
		};
		967FEDCF1E3714A700891BCD /* Buckets tvOS Tests.xctest */ = {
			isa = PBXReferenceProxy;
			fileType = wrapper.cfbundle;
			path = "Buckets tvOS Tests.xctest";
			remoteRef = 967FEDCE1E3714A700891BCD /* PBXContainerItemProxy */;
			sourceTree = BUILT_PRODUCTS_DIR;
		};
/* End PBXReferenceProxy section */

/* Begin PBXResourcesBuildPhase section */
		021435571D398FC5004913DC /* Resources */ = {
			isa = PBXResourcesBuildPhase;
			buildActionMask = 2147483647;
			files = (
				37A2FFC41E3C4E0400F4FD30 /* Mianshi in Resources */,
				0214356A1D398FC5004913DC /* LaunchScreen.storyboard in Resources */,
				021435671D398FC5004913DC /* Assets.xcassets in Resources */,
				021435621D398FC5004913DC /* Main.storyboard in Resources */,
			);
			runOnlyForDeploymentPostprocessing = 0;
		};
		0214356E1D398FC5004913DC /* Resources */ = {
			isa = PBXResourcesBuildPhase;
			buildActionMask = 2147483647;
			files = (
			);
			runOnlyForDeploymentPostprocessing = 0;
		};
		021435791D398FC5004913DC /* Resources */ = {
			isa = PBXResourcesBuildPhase;
			buildActionMask = 2147483647;
			files = (
			);
			runOnlyForDeploymentPostprocessing = 0;
		};
/* End PBXResourcesBuildPhase section */

/* Begin PBXSourcesBuildPhase section */
		021435551D398FC5004913DC /* Sources */ = {
			isa = PBXSourcesBuildPhase;
			buildActionMask = 2147483647;
			files = (
				0214355F1D398FC5004913DC /* ViewController.swift in Sources */,
				0214355D1D398FC5004913DC /* AppDelegate.swift in Sources */,
				37FFF4541D5E70B50044738F /* RandomFun.swift in Sources */,
				3702F1D31F03244E00616019 /* LRUCache.swift in Sources */,
				37FFF4581D789EF10044738F /* misc.swift in Sources */,
				0214358E1D39916F004913DC /* FunStuff.swift in Sources */,
				021435901D39A8B3004913DC /* TreeNode.swift in Sources */,
				021435651D398FC5004913DC /* Swift2Garden.xcdatamodeld in Sources */,
				37FFF4561D789BE30044738F /* FunStrings.swift in Sources */,
				021435921D3D8754004913DC /* Leets.swift in Sources */,
			);
			runOnlyForDeploymentPostprocessing = 0;
		};
		0214356C1D398FC5004913DC /* Sources */ = {
			isa = PBXSourcesBuildPhase;
			buildActionMask = 2147483647;
			files = (
				021435751D398FC5004913DC /* Swift2GardenTests.swift in Sources */,
			);
			runOnlyForDeploymentPostprocessing = 0;
		};
		021435771D398FC5004913DC /* Sources */ = {
			isa = PBXSourcesBuildPhase;
			buildActionMask = 2147483647;
			files = (
				021435801D398FC5004913DC /* Swift2GardenUITests.swift in Sources */,
			);
			runOnlyForDeploymentPostprocessing = 0;
		};
/* End PBXSourcesBuildPhase section */

/* Begin PBXTargetDependency section */
		021435721D398FC5004913DC /* PBXTargetDependency */ = {
			isa = PBXTargetDependency;
			target = 021435581D398FC5004913DC /* Swift2Garden */;
			targetProxy = 021435711D398FC5004913DC /* PBXContainerItemProxy */;
		};
		0214357D1D398FC5004913DC /* PBXTargetDependency */ = {
			isa = PBXTargetDependency;
			target = 021435581D398FC5004913DC /* Swift2Garden */;
			targetProxy = 0214357C1D398FC5004913DC /* PBXContainerItemProxy */;
		};
		967FEDD11E37221F00891BCD /* PBXTargetDependency */ = {
			isa = PBXTargetDependency;
			name = "Buckets iOS";
			targetProxy = 967FEDD01E37221F00891BCD /* PBXContainerItemProxy */;
		};
/* End PBXTargetDependency section */

/* Begin PBXVariantGroup section */
		021435601D398FC5004913DC /* Main.storyboard */ = {
			isa = PBXVariantGroup;
			children = (
				021435611D398FC5004913DC /* Base */,
			);
			name = Main.storyboard;
			sourceTree = "<group>";
		};
		021435681D398FC5004913DC /* LaunchScreen.storyboard */ = {
			isa = PBXVariantGroup;
			children = (
				021435691D398FC5004913DC /* Base */,
			);
			name = LaunchScreen.storyboard;
			sourceTree = "<group>";
		};
/* End PBXVariantGroup section */

/* Begin XCBuildConfiguration section */
		021435821D398FC5004913DC /* Debug */ = {
			isa = XCBuildConfiguration;
			buildSettings = {
				ALWAYS_SEARCH_USER_PATHS = NO;
				CLANG_ANALYZER_NONNULL = YES;
				CLANG_CXX_LANGUAGE_STANDARD = "gnu++0x";
				CLANG_CXX_LIBRARY = "libc++";
				CLANG_ENABLE_MODULES = YES;
				CLANG_ENABLE_OBJC_ARC = YES;
				CLANG_WARN_BOOL_CONVERSION = YES;
				CLANG_WARN_CONSTANT_CONVERSION = YES;
				CLANG_WARN_DIRECT_OBJC_ISA_USAGE = YES_ERROR;
				CLANG_WARN_EMPTY_BODY = YES;
				CLANG_WARN_ENUM_CONVERSION = YES;
				CLANG_WARN_INFINITE_RECURSION = YES;
				CLANG_WARN_INT_CONVERSION = YES;
				CLANG_WARN_OBJC_ROOT_CLASS = YES_ERROR;
				CLANG_WARN_SUSPICIOUS_MOVE = YES;
				CLANG_WARN_UNREACHABLE_CODE = YES;
				CLANG_WARN__DUPLICATE_METHOD_MATCH = YES;
				"CODE_SIGN_IDENTITY[sdk=iphoneos*]" = "iPhone Developer";
				COPY_PHASE_STRIP = NO;
				DEBUG_INFORMATION_FORMAT = dwarf;
				ENABLE_STRICT_OBJC_MSGSEND = YES;
				ENABLE_TESTABILITY = YES;
				GCC_C_LANGUAGE_STANDARD = gnu99;
				GCC_DYNAMIC_NO_PIC = NO;
				GCC_NO_COMMON_BLOCKS = YES;
				GCC_OPTIMIZATION_LEVEL = 0;
				GCC_PREPROCESSOR_DEFINITIONS = (
					"DEBUG=1",
					"$(inherited)",
				);
				GCC_WARN_64_TO_32_BIT_CONVERSION = YES;
				GCC_WARN_ABOUT_RETURN_TYPE = YES_ERROR;
				GCC_WARN_UNDECLARED_SELECTOR = YES;
				GCC_WARN_UNINITIALIZED_AUTOS = YES_AGGRESSIVE;
				GCC_WARN_UNUSED_FUNCTION = YES;
				GCC_WARN_UNUSED_VARIABLE = YES;
				IPHONEOS_DEPLOYMENT_TARGET = 9.3;
				MTL_ENABLE_DEBUG_INFO = YES;
				ONLY_ACTIVE_ARCH = YES;
				SDKROOT = iphoneos;
				SWIFT_OPTIMIZATION_LEVEL = "-Onone";
				TARGETED_DEVICE_FAMILY = "1,2";
			};
			name = Debug;
		};
		021435831D398FC5004913DC /* Release */ = {
			isa = XCBuildConfiguration;
			buildSettings = {
				ALWAYS_SEARCH_USER_PATHS = NO;
				CLANG_ANALYZER_NONNULL = YES;
				CLANG_CXX_LANGUAGE_STANDARD = "gnu++0x";
				CLANG_CXX_LIBRARY = "libc++";
				CLANG_ENABLE_MODULES = YES;
				CLANG_ENABLE_OBJC_ARC = YES;
				CLANG_WARN_BOOL_CONVERSION = YES;
				CLANG_WARN_CONSTANT_CONVERSION = YES;
				CLANG_WARN_DIRECT_OBJC_ISA_USAGE = YES_ERROR;
				CLANG_WARN_EMPTY_BODY = YES;
				CLANG_WARN_ENUM_CONVERSION = YES;
				CLANG_WARN_INFINITE_RECURSION = YES;
				CLANG_WARN_INT_CONVERSION = YES;
				CLANG_WARN_OBJC_ROOT_CLASS = YES_ERROR;
				CLANG_WARN_SUSPICIOUS_MOVE = YES;
				CLANG_WARN_UNREACHABLE_CODE = YES;
				CLANG_WARN__DUPLICATE_METHOD_MATCH = YES;
				"CODE_SIGN_IDENTITY[sdk=iphoneos*]" = "iPhone Developer";
				COPY_PHASE_STRIP = NO;
				DEBUG_INFORMATION_FORMAT = "dwarf-with-dsym";
				ENABLE_NS_ASSERTIONS = NO;
				ENABLE_STRICT_OBJC_MSGSEND = YES;
				GCC_C_LANGUAGE_STANDARD = gnu99;
				GCC_NO_COMMON_BLOCKS = YES;
				GCC_WARN_64_TO_32_BIT_CONVERSION = YES;
				GCC_WARN_ABOUT_RETURN_TYPE = YES_ERROR;
				GCC_WARN_UNDECLARED_SELECTOR = YES;
				GCC_WARN_UNINITIALIZED_AUTOS = YES_AGGRESSIVE;
				GCC_WARN_UNUSED_FUNCTION = YES;
				GCC_WARN_UNUSED_VARIABLE = YES;
				IPHONEOS_DEPLOYMENT_TARGET = 9.3;
				MTL_ENABLE_DEBUG_INFO = NO;
				SDKROOT = iphoneos;
				SWIFT_OPTIMIZATION_LEVEL = "-Owholemodule";
				TARGETED_DEVICE_FAMILY = "1,2";
				VALIDATE_PRODUCT = YES;
			};
			name = Release;
		};
		021435851D398FC5004913DC /* Debug */ = {
			isa = XCBuildConfiguration;
			buildSettings = {
				ASSETCATALOG_COMPILER_APPICON_NAME = AppIcon;
				INFOPLIST_FILE = Swift2Garden/Info.plist;
				IPHONEOS_DEPLOYMENT_TARGET = 9.0;
				LD_RUNPATH_SEARCH_PATHS = "$(inherited) @executable_path/Frameworks";
				PRODUCT_BUNDLE_IDENTIFIER = XintongBi.Swift2Garden;
				PRODUCT_NAME = "$(TARGET_NAME)";
				SWIFT_VERSION = 3.0;
			};
			name = Debug;
		};
		021435861D398FC5004913DC /* Release */ = {
			isa = XCBuildConfiguration;
			buildSettings = {
				ASSETCATALOG_COMPILER_APPICON_NAME = AppIcon;
				INFOPLIST_FILE = Swift2Garden/Info.plist;
				IPHONEOS_DEPLOYMENT_TARGET = 9.0;
				LD_RUNPATH_SEARCH_PATHS = "$(inherited) @executable_path/Frameworks";
				PRODUCT_BUNDLE_IDENTIFIER = XintongBi.Swift2Garden;
				PRODUCT_NAME = "$(TARGET_NAME)";
				SWIFT_VERSION = 3.0;
			};
			name = Release;
		};
		021435881D398FC5004913DC /* Debug */ = {
			isa = XCBuildConfiguration;
			buildSettings = {
				BUNDLE_LOADER = "$(TEST_HOST)";
				INFOPLIST_FILE = Swift2GardenTests/Info.plist;
				LD_RUNPATH_SEARCH_PATHS = "$(inherited) @executable_path/Frameworks @loader_path/Frameworks";
				PRODUCT_BUNDLE_IDENTIFIER = XintongBi.Swift2GardenTests;
				PRODUCT_NAME = "$(TARGET_NAME)";
				SWIFT_VERSION = 3.0;
				TEST_HOST = "$(BUILT_PRODUCTS_DIR)/Swift2Garden.app/Swift2Garden";
			};
			name = Debug;
		};
		021435891D398FC5004913DC /* Release */ = {
			isa = XCBuildConfiguration;
			buildSettings = {
				BUNDLE_LOADER = "$(TEST_HOST)";
				INFOPLIST_FILE = Swift2GardenTests/Info.plist;
				LD_RUNPATH_SEARCH_PATHS = "$(inherited) @executable_path/Frameworks @loader_path/Frameworks";
				PRODUCT_BUNDLE_IDENTIFIER = XintongBi.Swift2GardenTests;
				PRODUCT_NAME = "$(TARGET_NAME)";
				SWIFT_VERSION = 3.0;
				TEST_HOST = "$(BUILT_PRODUCTS_DIR)/Swift2Garden.app/Swift2Garden";
			};
			name = Release;
		};
		0214358B1D398FC5004913DC /* Debug */ = {
			isa = XCBuildConfiguration;
			buildSettings = {
				INFOPLIST_FILE = Swift2GardenUITests/Info.plist;
				LD_RUNPATH_SEARCH_PATHS = "$(inherited) @executable_path/Frameworks @loader_path/Frameworks";
				PRODUCT_BUNDLE_IDENTIFIER = XintongBi.Swift2GardenUITests;
				PRODUCT_NAME = "$(TARGET_NAME)";
				SWIFT_VERSION = 3.0;
				TEST_TARGET_NAME = Swift2Garden;
			};
			name = Debug;
		};
		0214358C1D398FC5004913DC /* Release */ = {
			isa = XCBuildConfiguration;
			buildSettings = {
				INFOPLIST_FILE = Swift2GardenUITests/Info.plist;
				LD_RUNPATH_SEARCH_PATHS = "$(inherited) @executable_path/Frameworks @loader_path/Frameworks";
				PRODUCT_BUNDLE_IDENTIFIER = XintongBi.Swift2GardenUITests;
				PRODUCT_NAME = "$(TARGET_NAME)";
				SWIFT_VERSION = 3.0;
				TEST_TARGET_NAME = Swift2Garden;
			};
			name = Release;
		};
/* End XCBuildConfiguration section */

/* Begin XCConfigurationList section */
		021435541D398FC5004913DC /* Build configuration list for PBXProject "Swift2Garden" */ = {
			isa = XCConfigurationList;
			buildConfigurations = (
				021435821D398FC5004913DC /* Debug */,
				021435831D398FC5004913DC /* Release */,
			);
			defaultConfigurationIsVisible = 0;
			defaultConfigurationName = Release;
		};
		021435841D398FC5004913DC /* Build configuration list for PBXNativeTarget "Swift2Garden" */ = {
			isa = XCConfigurationList;
			buildConfigurations = (
				021435851D398FC5004913DC /* Debug */,
				021435861D398FC5004913DC /* Release */,
			);
			defaultConfigurationIsVisible = 0;
			defaultConfigurationName = Release;
		};
		021435871D398FC5004913DC /* Build configuration list for PBXNativeTarget "Swift2GardenTests" */ = {
			isa = XCConfigurationList;
			buildConfigurations = (
				021435881D398FC5004913DC /* Debug */,
				021435891D398FC5004913DC /* Release */,
			);
			defaultConfigurationIsVisible = 0;
			defaultConfigurationName = Release;
		};
		0214358A1D398FC5004913DC /* Build configuration list for PBXNativeTarget "Swift2GardenUITests" */ = {
			isa = XCConfigurationList;
			buildConfigurations = (
				0214358B1D398FC5004913DC /* Debug */,
				0214358C1D398FC5004913DC /* Release */,
			);
			defaultConfigurationIsVisible = 0;
			defaultConfigurationName = Release;
		};
/* End XCConfigurationList section */

/* Begin XCVersionGroup section */
		021435631D398FC5004913DC /* Swift2Garden.xcdatamodeld */ = {
			isa = XCVersionGroup;
			children = (
				021435641D398FC5004913DC /* Swift2Garden.xcdatamodel */,
			);
			currentVersion = 021435641D398FC5004913DC /* Swift2Garden.xcdatamodel */;
			path = Swift2Garden.xcdatamodeld;
			sourceTree = "<group>";
			versionGroupType = wrapper.xcdatamodel;
		};
/* End XCVersionGroup section */
	};
	rootObject = 021435511D398FC5004913DC /* Project object */;
}
